// !$*UTF8*$!
{
	archiveVersion = 1;
	classes = {
	};
	objectVersion = 46;
	objects = {

/* Begin PBXBuildFile section */
		710A47371F7EB4F300A89171 /* Color.cpp in Sources */ = {isa = PBXBuildFile; fileRef = 710A47351F7EB4F300A89171 /* Color.cpp */; };
		71130EDA1F5494CD001D453E /* RigidBodyBehavior.cpp in Sources */ = {isa = PBXBuildFile; fileRef = 71130ED81F5494CD001D453E /* RigidBodyBehavior.cpp */; };
		7117EBE91F420D5000C25611 /* SDL2_image.framework in Frameworks */ = {isa = PBXBuildFile; fileRef = 7117EBE61F420D5000C25611 /* SDL2_image.framework */; };
		7117EBEA1F420D5000C25611 /* SDL2_mixer.framework in Frameworks */ = {isa = PBXBuildFile; fileRef = 7117EBE71F420D5000C25611 /* SDL2_mixer.framework */; };
		7117EBEB1F420D5000C25611 /* SDL2_ttf.framework in Frameworks */ = {isa = PBXBuildFile; fileRef = 7117EBE81F420D5000C25611 /* SDL2_ttf.framework */; };
		711B388A1F64B55E00A6B224 /* libmozjs-24.0.dylib in Frameworks */ = {isa = PBXBuildFile; fileRef = 711B38891F64B55E00A6B224 /* libmozjs-24.0.dylib */; };
		7126DBBB1F8404B900BD4E44 /* ScriptResource.cpp in Sources */ = {isa = PBXBuildFile; fileRef = 7126DBB91F8404B900BD4E44 /* ScriptResource.cpp */; };
		713D70221F82CDE80011B7E8 /* Input.cpp in Sources */ = {isa = PBXBuildFile; fileRef = 713D70201F82CDE80011B7E8 /* Input.cpp */; };
		7170F8541F588E9800F71E87 /* SceneDebugDraw.cpp in Sources */ = {isa = PBXBuildFile; fileRef = 7170F8521F588E9800F71E87 /* SceneDebugDraw.cpp */; };
		718533201F9F92E60080B05A /* RenderTextBehavior.cpp in Sources */ = {isa = PBXBuildFile; fileRef = 7185331E1F9F92E60080B05A /* RenderTextBehavior.cpp */; };
		718533231F9FCD660080B05A /* SoundResource.cpp in Sources */ = {isa = PBXBuildFile; fileRef = 718533211F9FCD660080B05A /* SoundResource.cpp */; };
		718533261F9FF7B90080B05A /* Sound.cpp in Sources */ = {isa = PBXBuildFile; fileRef = 718533241F9FF7B90080B05A /* Sound.cpp */; };
		718CE39D1F62D5C300A3B498 /* libSDL2_gpu.a in Frameworks */ = {isa = PBXBuildFile; fileRef = 718CE3921F62D5A600A3B498 /* libSDL2_gpu.a */; };
		718CE3A41F62D80900A3B498 /* SDL2_gpu.framework/SDL2_gpu in Frameworks */ = {isa = PBXBuildFile; fileRef = 718CE3941F62D5A600A3B498 /* SDL2_gpu.framework/SDL2_gpu */; };
		719291BE1FA26BAA0067892E /* Controller.cpp in Sources */ = {isa = PBXBuildFile; fileRef = 719291BC1FA26BAA0067892E /* Controller.cpp */; };
		719F54311F77E2E600E5F39F /* ScriptArguments.cpp in Sources */ = {isa = PBXBuildFile; fileRef = 719F542F1F77E2E600E5F39F /* ScriptArguments.cpp */; };
		719FA1451F994984007B5AD4 /* SDL2.framework in Frameworks */ = {isa = PBXBuildFile; fileRef = 719FA1441F994984007B5AD4 /* SDL2.framework */; };
		71A09F221F9BC785005ED838 /* FontResource.cpp in Sources */ = {isa = PBXBuildFile; fileRef = 71A09F201F9BC785005ED838 /* FontResource.cpp */; };
		71BA89C01FC9BD18003A5A37 /* RenderBehavior.cpp in Sources */ = {isa = PBXBuildFile; fileRef = 71BA89BE1FC9BD18003A5A37 /* RenderBehavior.cpp */; };
		71D8D3A41FCC9640004DDE7E /* UIBehavior.cpp in Sources */ = {isa = PBXBuildFile; fileRef = 71D8D3A21FCC9640004DDE7E /* UIBehavior.cpp */; };
		71E694671F5318E9001EB381 /* Application.cpp in Sources */ = {isa = PBXBuildFile; fileRef = 71E694511F5318E9001EB381 /* Application.cpp */; };
		71E694681F5318E9001EB381 /* Behavior.cpp in Sources */ = {isa = PBXBuildFile; fileRef = 71E694531F5318E9001EB381 /* Behavior.cpp */; };
		71E694691F5318E9001EB381 /* GameObject.cpp in Sources */ = {isa = PBXBuildFile; fileRef = 71E694561F5318E9001EB381 /* GameObject.cpp */; };
		71E6946B1F5318E9001EB381 /* ImageResource.cpp in Sources */ = {isa = PBXBuildFile; fileRef = 71E6945A1F5318E9001EB381 /* ImageResource.cpp */; };
		71E6946C1F5318E9001EB381 /* main.cpp in Sources */ = {isa = PBXBuildFile; fileRef = 71E6945D1F5318E9001EB381 /* main.cpp */; };
		71E6946D1F5318E9001EB381 /* RenderShapeBehavior.cpp in Sources */ = {isa = PBXBuildFile; fileRef = 71E6945E1F5318E9001EB381 /* RenderShapeBehavior.cpp */; };
		71E6946E1F5318E9001EB381 /* RenderSpriteBehavior.cpp in Sources */ = {isa = PBXBuildFile; fileRef = 71E694601F5318E9001EB381 /* RenderSpriteBehavior.cpp */; };
		71E6946F1F5318E9001EB381 /* SampleBehavior.cpp in Sources */ = {isa = PBXBuildFile; fileRef = 71E694631F5318E9001EB381 /* SampleBehavior.cpp */; };
		71E694701F5318E9001EB381 /* Scene.cpp in Sources */ = {isa = PBXBuildFile; fileRef = 71E694651F5318E9001EB381 /* Scene.cpp */; };
		71E793921FC47DAD0026ABCB /* Image.cpp in Sources */ = {isa = PBXBuildFile; fileRef = 71E793901FC47DAD0026ABCB /* Image.cpp */; };
		71E793971FC480A00026ABCB /* SDL2_net.framework in Frameworks */ = {isa = PBXBuildFile; fileRef = 71E793961FC480A00026ABCB /* SDL2_net.framework */; };
		71F099FA1F62DD8A00C2299A /* SDL2_gpu.framework/SDL2_gpu in CopyFiles */ = {isa = PBXBuildFile; fileRef = 718CE3941F62D5A600A3B498 /* SDL2_gpu.framework/SDL2_gpu */; };
		71F099FB1F62DD8A00C2299A /* SDL2_image.framework in CopyFiles */ = {isa = PBXBuildFile; fileRef = 7117EBE61F420D5000C25611 /* SDL2_image.framework */; };
		71F099FC1F62DD8A00C2299A /* SDL2_mixer.framework in CopyFiles */ = {isa = PBXBuildFile; fileRef = 7117EBE71F420D5000C25611 /* SDL2_mixer.framework */; };
		71F099FD1F62DD8A00C2299A /* SDL2_ttf.framework in CopyFiles */ = {isa = PBXBuildFile; fileRef = 7117EBE81F420D5000C25611 /* SDL2_ttf.framework */; };
		71F484E81F814C8D00AF17EA /* b2BroadPhase.cpp in Sources */ = {isa = PBXBuildFile; fileRef = 71F484701F814B9300AF17EA /* b2BroadPhase.cpp */; };
		71F484E91F814C8D00AF17EA /* b2CollideCircle.cpp in Sources */ = {isa = PBXBuildFile; fileRef = 71F484721F814B9300AF17EA /* b2CollideCircle.cpp */; };
		71F484EA1F814C8D00AF17EA /* b2CollideEdge.cpp in Sources */ = {isa = PBXBuildFile; fileRef = 71F484731F814B9300AF17EA /* b2CollideEdge.cpp */; };
		71F484EB1F814C8D00AF17EA /* b2CollidePolygon.cpp in Sources */ = {isa = PBXBuildFile; fileRef = 71F484741F814B9300AF17EA /* b2CollidePolygon.cpp */; };
		71F484EC1F814C8D00AF17EA /* b2Collision.cpp in Sources */ = {isa = PBXBuildFile; fileRef = 71F484751F814B9300AF17EA /* b2Collision.cpp */; };
		71F484ED1F814C8D00AF17EA /* b2Distance.cpp in Sources */ = {isa = PBXBuildFile; fileRef = 71F484771F814B9300AF17EA /* b2Distance.cpp */; };
		71F484EE1F814C8D00AF17EA /* b2DynamicTree.cpp in Sources */ = {isa = PBXBuildFile; fileRef = 71F484791F814B9300AF17EA /* b2DynamicTree.cpp */; };
		71F484EF1F814C8D00AF17EA /* b2TimeOfImpact.cpp in Sources */ = {isa = PBXBuildFile; fileRef = 71F4847B1F814B9300AF17EA /* b2TimeOfImpact.cpp */; };
		71F484F01F814C8D00AF17EA /* b2ChainShape.cpp in Sources */ = {isa = PBXBuildFile; fileRef = 71F4847E1F814B9300AF17EA /* b2ChainShape.cpp */; };
		71F484F11F814C8D00AF17EA /* b2CircleShape.cpp in Sources */ = {isa = PBXBuildFile; fileRef = 71F484801F814B9300AF17EA /* b2CircleShape.cpp */; };
		71F484F21F814C8D00AF17EA /* b2EdgeShape.cpp in Sources */ = {isa = PBXBuildFile; fileRef = 71F484821F814B9300AF17EA /* b2EdgeShape.cpp */; };
		71F484F31F814C8D00AF17EA /* b2PolygonShape.cpp in Sources */ = {isa = PBXBuildFile; fileRef = 71F484841F814B9300AF17EA /* b2PolygonShape.cpp */; };
		71F484F41F814C8D00AF17EA /* b2BlockAllocator.cpp in Sources */ = {isa = PBXBuildFile; fileRef = 71F484881F814B9300AF17EA /* b2BlockAllocator.cpp */; };
		71F484F51F814C8D00AF17EA /* b2Draw.cpp in Sources */ = {isa = PBXBuildFile; fileRef = 71F4848A1F814B9300AF17EA /* b2Draw.cpp */; };
		71F484F61F814C8D00AF17EA /* b2FreeList.cpp in Sources */ = {isa = PBXBuildFile; fileRef = 71F4848C1F814B9300AF17EA /* b2FreeList.cpp */; };
		71F484F71F814C8D00AF17EA /* b2Math.cpp in Sources */ = {isa = PBXBuildFile; fileRef = 71F484911F814B9300AF17EA /* b2Math.cpp */; };
		71F484F81F814C8D00AF17EA /* b2Settings.cpp in Sources */ = {isa = PBXBuildFile; fileRef = 71F484931F814B9300AF17EA /* b2Settings.cpp */; };
		71F484F91F814C8D00AF17EA /* b2StackAllocator.cpp in Sources */ = {isa = PBXBuildFile; fileRef = 71F484961F814B9300AF17EA /* b2StackAllocator.cpp */; };
		71F484FA1F814C8D00AF17EA /* b2Stat.cpp in Sources */ = {isa = PBXBuildFile; fileRef = 71F484981F814B9300AF17EA /* b2Stat.cpp */; };
		71F484FB1F814C8D00AF17EA /* b2Timer.cpp in Sources */ = {isa = PBXBuildFile; fileRef = 71F4849A1F814B9300AF17EA /* b2Timer.cpp */; };
		71F484FC1F814C8D00AF17EA /* b2TrackedBlock.cpp in Sources */ = {isa = PBXBuildFile; fileRef = 71F4849C1F814B9300AF17EA /* b2TrackedBlock.cpp */; };
		71F484FD1F814C8D00AF17EA /* b2Body.cpp in Sources */ = {isa = PBXBuildFile; fileRef = 71F4849F1F814B9400AF17EA /* b2Body.cpp */; };
		71F484FE1F814C8D00AF17EA /* b2ContactManager.cpp in Sources */ = {isa = PBXBuildFile; fileRef = 71F484A11F814B9400AF17EA /* b2ContactManager.cpp */; };
		71F484FF1F814C8D00AF17EA /* b2Fixture.cpp in Sources */ = {isa = PBXBuildFile; fileRef = 71F484A31F814B9400AF17EA /* b2Fixture.cpp */; };
		71F485001F814C8D00AF17EA /* b2Island.cpp in Sources */ = {isa = PBXBuildFile; fileRef = 71F484A51F814B9400AF17EA /* b2Island.cpp */; };
		71F485011F814C8D00AF17EA /* b2World.cpp in Sources */ = {isa = PBXBuildFile; fileRef = 71F484A81F814B9400AF17EA /* b2World.cpp */; };
		71F485021F814C8D00AF17EA /* b2WorldCallbacks.cpp in Sources */ = {isa = PBXBuildFile; fileRef = 71F484AA1F814B9400AF17EA /* b2WorldCallbacks.cpp */; };
		71F485031F814C8D00AF17EA /* b2ChainAndCircleContact.cpp in Sources */ = {isa = PBXBuildFile; fileRef = 71F484AD1F814B9400AF17EA /* b2ChainAndCircleContact.cpp */; };
		71F485041F814C8D00AF17EA /* b2ChainAndPolygonContact.cpp in Sources */ = {isa = PBXBuildFile; fileRef = 71F484AF1F814B9400AF17EA /* b2ChainAndPolygonContact.cpp */; };
		71F485051F814C8D00AF17EA /* b2CircleContact.cpp in Sources */ = {isa = PBXBuildFile; fileRef = 71F484B11F814B9400AF17EA /* b2CircleContact.cpp */; };
		71F485061F814C8D00AF17EA /* b2Contact.cpp in Sources */ = {isa = PBXBuildFile; fileRef = 71F484B31F814B9400AF17EA /* b2Contact.cpp */; };
		71F485071F814C8D00AF17EA /* b2ContactSolver.cpp in Sources */ = {isa = PBXBuildFile; fileRef = 71F484B51F814B9400AF17EA /* b2ContactSolver.cpp */; };
		71F485081F814C8D00AF17EA /* b2EdgeAndCircleContact.cpp in Sources */ = {isa = PBXBuildFile; fileRef = 71F484B71F814B9400AF17EA /* b2EdgeAndCircleContact.cpp */; };
		71F485091F814C8D00AF17EA /* b2EdgeAndPolygonContact.cpp in Sources */ = {isa = PBXBuildFile; fileRef = 71F484B91F814B9400AF17EA /* b2EdgeAndPolygonContact.cpp */; };
		71F4850A1F814C8D00AF17EA /* b2PolygonAndCircleContact.cpp in Sources */ = {isa = PBXBuildFile; fileRef = 71F484BB1F814B9400AF17EA /* b2PolygonAndCircleContact.cpp */; };
		71F4850B1F814C8D00AF17EA /* b2PolygonContact.cpp in Sources */ = {isa = PBXBuildFile; fileRef = 71F484BD1F814B9400AF17EA /* b2PolygonContact.cpp */; };
		71F4850C1F814C8D00AF17EA /* b2DistanceJoint.cpp in Sources */ = {isa = PBXBuildFile; fileRef = 71F484C01F814B9400AF17EA /* b2DistanceJoint.cpp */; };
		71F4850D1F814C8D00AF17EA /* b2FrictionJoint.cpp in Sources */ = {isa = PBXBuildFile; fileRef = 71F484C21F814B9400AF17EA /* b2FrictionJoint.cpp */; };
		71F4850E1F814C8D00AF17EA /* b2GearJoint.cpp in Sources */ = {isa = PBXBuildFile; fileRef = 71F484C41F814B9400AF17EA /* b2GearJoint.cpp */; };
		71F4850F1F814C8D00AF17EA /* b2Joint.cpp in Sources */ = {isa = PBXBuildFile; fileRef = 71F484C61F814B9400AF17EA /* b2Joint.cpp */; };
		71F485101F814C8D00AF17EA /* b2MotorJoint.cpp in Sources */ = {isa = PBXBuildFile; fileRef = 71F484C81F814B9400AF17EA /* b2MotorJoint.cpp */; };
		71F485111F814C8D00AF17EA /* b2MouseJoint.cpp in Sources */ = {isa = PBXBuildFile; fileRef = 71F484CA1F814B9400AF17EA /* b2MouseJoint.cpp */; };
		71F485121F814C8D00AF17EA /* b2PrismaticJoint.cpp in Sources */ = {isa = PBXBuildFile; fileRef = 71F484CC1F814B9400AF17EA /* b2PrismaticJoint.cpp */; };
		71F485131F814C8D00AF17EA /* b2PulleyJoint.cpp in Sources */ = {isa = PBXBuildFile; fileRef = 71F484CE1F814B9400AF17EA /* b2PulleyJoint.cpp */; };
		71F485141F814C8D00AF17EA /* b2RevoluteJoint.cpp in Sources */ = {isa = PBXBuildFile; fileRef = 71F484D01F814B9400AF17EA /* b2RevoluteJoint.cpp */; };
		71F485151F814C8D00AF17EA /* b2RopeJoint.cpp in Sources */ = {isa = PBXBuildFile; fileRef = 71F484D21F814B9400AF17EA /* b2RopeJoint.cpp */; };
		71F485161F814C8D00AF17EA /* b2WeldJoint.cpp in Sources */ = {isa = PBXBuildFile; fileRef = 71F484D41F814B9400AF17EA /* b2WeldJoint.cpp */; };
		71F485171F814C8D00AF17EA /* b2WheelJoint.cpp in Sources */ = {isa = PBXBuildFile; fileRef = 71F484D61F814B9400AF17EA /* b2WheelJoint.cpp */; };
		71F485181F814C8D00AF17EA /* b2Particle.cpp in Sources */ = {isa = PBXBuildFile; fileRef = 71F484D91F814B9400AF17EA /* b2Particle.cpp */; };
		71F485191F814C8D00AF17EA /* b2ParticleAssembly.cpp in Sources */ = {isa = PBXBuildFile; fileRef = 71F484DB1F814B9400AF17EA /* b2ParticleAssembly.cpp */; };
		71F4851A1F814C8D00AF17EA /* b2ParticleGroup.cpp in Sources */ = {isa = PBXBuildFile; fileRef = 71F484DE1F814B9400AF17EA /* b2ParticleGroup.cpp */; };
		71F4851B1F814C8D00AF17EA /* b2ParticleSystem.cpp in Sources */ = {isa = PBXBuildFile; fileRef = 71F484E01F814B9400AF17EA /* b2ParticleSystem.cpp */; };
		71F4851C1F814C8D00AF17EA /* b2VoronoiDiagram.cpp in Sources */ = {isa = PBXBuildFile; fileRef = 71F484E31F814B9400AF17EA /* b2VoronoiDiagram.cpp */; };
		71F4851D1F814C8D00AF17EA /* b2Rope.cpp in Sources */ = {isa = PBXBuildFile; fileRef = 71F484E61F814B9400AF17EA /* b2Rope.cpp */; };
/* End PBXBuildFile section */

/* Begin PBXContainerItemProxy section */
		718CE3911F62D5A600A3B498 /* PBXContainerItemProxy */ = {
			isa = PBXContainerItemProxy;
			containerPortal = 718CE3801F62D5A600A3B498 /* SDL_gpu.xcodeproj */;
			proxyType = 2;
			remoteGlobalIDString = 8039833B676F4A888DC3CAAA;
			remoteInfo = SDL_gpu;
		};
		718CE3931F62D5A600A3B498 /* PBXContainerItemProxy */ = {
			isa = PBXContainerItemProxy;
			containerPortal = 718CE3801F62D5A600A3B498 /* SDL_gpu.xcodeproj */;
			proxyType = 2;
			remoteGlobalIDString = 3E046AE0DA3E4903AC852176;
			remoteInfo = SDL_gpu_shared;
		};
		718CE3A01F62D7FD00A3B498 /* PBXContainerItemProxy */ = {
			isa = PBXContainerItemProxy;
			containerPortal = 718CE3801F62D5A600A3B498 /* SDL_gpu.xcodeproj */;
			proxyType = 1;
			remoteGlobalIDString = E5F1201D8B4F402898F4A752;
			remoteInfo = SDL_gpu;
		};
		718CE3A21F62D7FD00A3B498 /* PBXContainerItemProxy */ = {
			isa = PBXContainerItemProxy;
			containerPortal = 718CE3801F62D5A600A3B498 /* SDL_gpu.xcodeproj */;
			proxyType = 1;
			remoteGlobalIDString = B7D9E6B273EF4BC088A2E84F;
			remoteInfo = SDL_gpu_shared;
		};
		71BA89C91FC9BD19003A5A37 /* PBXContainerItemProxy */ = {
			isa = PBXContainerItemProxy;
			containerPortal = 718CE3801F62D5A600A3B498 /* SDL_gpu.xcodeproj */;
			proxyType = 2;
			remoteGlobalIDString = C29DD8C40E0D4741AF6E822B;
			remoteInfo = "test-common";
		};
		71BA89CB1FC9BD19003A5A37 /* PBXContainerItemProxy */ = {
			isa = PBXContainerItemProxy;
			containerPortal = 718CE3801F62D5A600A3B498 /* SDL_gpu.xcodeproj */;
			proxyType = 2;
			remoteGlobalIDString = F806DECE776C46D59412AD56;
			remoteInfo = "3d-demo";
		};
		71BA89CD1FC9BD19003A5A37 /* PBXContainerItemProxy */ = {
			isa = PBXContainerItemProxy;
			containerPortal = 718CE3801F62D5A600A3B498 /* SDL_gpu.xcodeproj */;
			proxyType = 2;
			remoteGlobalIDString = 900C50C16AB149FA8848CC8B;
			remoteInfo = "init-demo";
		};
		71BA89CF1FC9BD19003A5A37 /* PBXContainerItemProxy */ = {
			isa = PBXContainerItemProxy;
			containerPortal = 718CE3801F62D5A600A3B498 /* SDL_gpu.xcodeproj */;
			proxyType = 2;
			remoteGlobalIDString = 3FBD94A1233748829B940EF3;
			remoteInfo = "simple-shader-demo";
		};
		71BA89D11FC9BD19003A5A37 /* PBXContainerItemProxy */ = {
			isa = PBXContainerItemProxy;
			containerPortal = 718CE3801F62D5A600A3B498 /* SDL_gpu.xcodeproj */;
			proxyType = 2;
			remoteGlobalIDString = D9FBA3F201D14FDB91C3BC8B;
			remoteInfo = "tutorial-space-demo";
		};
/* End PBXContainerItemProxy section */

/* Begin PBXCopyFilesBuildPhase section */
		717C0CA01F40F92200AA54E7 /* CopyFiles */ = {
			isa = PBXCopyFilesBuildPhase;
			buildActionMask = 12;
			dstPath = "";
			dstSubfolderSpec = 16;
			files = (
				71F099FA1F62DD8A00C2299A /* SDL2_gpu.framework/SDL2_gpu in CopyFiles */,
				71F099FB1F62DD8A00C2299A /* SDL2_image.framework in CopyFiles */,
				71F099FC1F62DD8A00C2299A /* SDL2_mixer.framework in CopyFiles */,
				71F099FD1F62DD8A00C2299A /* SDL2_ttf.framework in CopyFiles */,
			);
			runOnlyForDeploymentPostprocessing = 0;
		};
/* End PBXCopyFilesBuildPhase section */

/* Begin PBXFileReference section */
		710A47351F7EB4F300A89171 /* Color.cpp */ = {isa = PBXFileReference; lastKnownFileType = sourcecode.cpp.cpp; name = Color.cpp; path = src/Color.cpp; sourceTree = "<group>"; };
		710A47361F7EB4F300A89171 /* Color.hpp */ = {isa = PBXFileReference; lastKnownFileType = sourcecode.cpp.h; name = Color.hpp; path = src/Color.hpp; sourceTree = "<group>"; };
		71130ED81F5494CD001D453E /* RigidBodyBehavior.cpp */ = {isa = PBXFileReference; fileEncoding = 4; lastKnownFileType = sourcecode.cpp.cpp; name = RigidBodyBehavior.cpp; path = src/RigidBodyBehavior.cpp; sourceTree = "<group>"; };
		71130ED91F5494CD001D453E /* RigidBodyBehavior.hpp */ = {isa = PBXFileReference; fileEncoding = 4; lastKnownFileType = sourcecode.cpp.h; name = RigidBodyBehavior.hpp; path = src/RigidBodyBehavior.hpp; sourceTree = "<group>"; };
		7117EBE61F420D5000C25611 /* SDL2_image.framework */ = {isa = PBXFileReference; lastKnownFileType = wrapper.framework; name = SDL2_image.framework; path = ../../../../../../Library/Frameworks/SDL2_image.framework; sourceTree = "<group>"; };
		7117EBE71F420D5000C25611 /* SDL2_mixer.framework */ = {isa = PBXFileReference; lastKnownFileType = wrapper.framework; name = SDL2_mixer.framework; path = ../../../../../../Library/Frameworks/SDL2_mixer.framework; sourceTree = "<group>"; };
		7117EBE81F420D5000C25611 /* SDL2_ttf.framework */ = {isa = PBXFileReference; lastKnownFileType = wrapper.framework; name = SDL2_ttf.framework; path = ../../../../../../Library/Frameworks/SDL2_ttf.framework; sourceTree = "<group>"; };
		711B38891F64B55E00A6B224 /* libmozjs-24.0.dylib */ = {isa = PBXFileReference; lastKnownFileType = "compiled.mach-o.dylib"; name = "libmozjs-24.0.dylib"; path = "../../../../../usr/local/lib/libmozjs-24.0.dylib"; sourceTree = "<group>"; };
		71257C601F520EFC006A8EEC /* fxport.jsfl */ = {isa = PBXFileReference; lastKnownFileType = text; path = fxport.jsfl; sourceTree = "<group>"; };
		7126DBB91F8404B900BD4E44 /* ScriptResource.cpp */ = {isa = PBXFileReference; lastKnownFileType = sourcecode.cpp.cpp; name = ScriptResource.cpp; path = src/ScriptResource.cpp; sourceTree = "<group>"; };
		7126DBBA1F8404B900BD4E44 /* ScriptResource.hpp */ = {isa = PBXFileReference; lastKnownFileType = sourcecode.cpp.h; name = ScriptResource.hpp; path = src/ScriptResource.hpp; sourceTree = "<group>"; };
		713D70201F82CDE80011B7E8 /* Input.cpp */ = {isa = PBXFileReference; lastKnownFileType = sourcecode.cpp.cpp; name = Input.cpp; path = src/Input.cpp; sourceTree = "<group>"; };
		713D70211F82CDE80011B7E8 /* Input.hpp */ = {isa = PBXFileReference; lastKnownFileType = sourcecode.cpp.h; name = Input.hpp; path = src/Input.hpp; sourceTree = "<group>"; };
		713D702C1F82D7370011B7E8 /* default */ = {isa = PBXFileReference; lastKnownFileType = folder; path = default; sourceTree = "<group>"; };
		71515BAC1F682EDB004ED8C0 /* ScriptHost.hpp */ = {isa = PBXFileReference; fileEncoding = 4; lastKnownFileType = sourcecode.cpp.h; name = ScriptHost.hpp; path = src/ScriptHost.hpp; sourceTree = "<group>"; };
		715EEE571F7555DD000B99AE /* ScriptableClass.hpp */ = {isa = PBXFileReference; lastKnownFileType = sourcecode.cpp.h; name = ScriptableClass.hpp; path = src/ScriptableClass.hpp; sourceTree = "<group>"; };
		7170F8521F588E9800F71E87 /* SceneDebugDraw.cpp */ = {isa = PBXFileReference; fileEncoding = 4; lastKnownFileType = sourcecode.cpp.cpp; name = SceneDebugDraw.cpp; path = src/SceneDebugDraw.cpp; sourceTree = "<group>"; };
		7170F8531F588E9800F71E87 /* SceneDebugDraw.hpp */ = {isa = PBXFileReference; fileEncoding = 4; lastKnownFileType = sourcecode.cpp.h; name = SceneDebugDraw.hpp; path = src/SceneDebugDraw.hpp; sourceTree = "<group>"; };
		717C0CA21F40F92200AA54E7 /* nikogame */ = {isa = PBXFileReference; explicitFileType = "compiled.mach-o.executable"; includeInIndex = 0; path = nikogame; sourceTree = BUILT_PRODUCTS_DIR; };
		7185331E1F9F92E60080B05A /* RenderTextBehavior.cpp */ = {isa = PBXFileReference; fileEncoding = 4; lastKnownFileType = sourcecode.cpp.cpp; name = RenderTextBehavior.cpp; path = src/RenderTextBehavior.cpp; sourceTree = "<group>"; };
		7185331F1F9F92E60080B05A /* RenderTextBehavior.hpp */ = {isa = PBXFileReference; fileEncoding = 4; lastKnownFileType = sourcecode.cpp.h; name = RenderTextBehavior.hpp; path = src/RenderTextBehavior.hpp; sourceTree = "<group>"; };
		718533211F9FCD660080B05A /* SoundResource.cpp */ = {isa = PBXFileReference; fileEncoding = 4; lastKnownFileType = sourcecode.cpp.cpp; name = SoundResource.cpp; path = src/SoundResource.cpp; sourceTree = "<group>"; };
		718533221F9FCD660080B05A /* SoundResource.hpp */ = {isa = PBXFileReference; fileEncoding = 4; lastKnownFileType = sourcecode.cpp.h; name = SoundResource.hpp; path = src/SoundResource.hpp; sourceTree = "<group>"; };
		718533241F9FF7B90080B05A /* Sound.cpp */ = {isa = PBXFileReference; fileEncoding = 4; lastKnownFileType = sourcecode.cpp.cpp; name = Sound.cpp; path = src/Sound.cpp; sourceTree = "<group>"; };
		718533251F9FF7B90080B05A /* Sound.hpp */ = {isa = PBXFileReference; fileEncoding = 4; lastKnownFileType = sourcecode.cpp.h; name = Sound.hpp; path = src/Sound.hpp; sourceTree = "<group>"; };
		718CE3801F62D5A600A3B498 /* SDL_gpu.xcodeproj */ = {isa = PBXFileReference; lastKnownFileType = "wrapper.pb-project"; name = SDL_gpu.xcodeproj; path = "sdl-gpu/SDL_gpu.xcodeproj"; sourceTree = "<group>"; };
		719291BC1FA26BAA0067892E /* Controller.cpp */ = {isa = PBXFileReference; fileEncoding = 4; lastKnownFileType = sourcecode.cpp.cpp; name = Controller.cpp; path = src/Controller.cpp; sourceTree = "<group>"; };
		719291BD1FA26BAA0067892E /* Controller.hpp */ = {isa = PBXFileReference; fileEncoding = 4; lastKnownFileType = sourcecode.cpp.h; name = Controller.hpp; path = src/Controller.hpp; sourceTree = "<group>"; };
		7194130D1F48887B0066EF3D /* notes.txt */ = {isa = PBXFileReference; lastKnownFileType = text; path = notes.txt; sourceTree = "<group>"; };
		719F542F1F77E2E600E5F39F /* ScriptArguments.cpp */ = {isa = PBXFileReference; lastKnownFileType = sourcecode.cpp.cpp; name = ScriptArguments.cpp; path = src/ScriptArguments.cpp; sourceTree = "<group>"; };
		719F54301F77E2E600E5F39F /* ScriptArguments.hpp */ = {isa = PBXFileReference; lastKnownFileType = sourcecode.cpp.h; name = ScriptArguments.hpp; path = src/ScriptArguments.hpp; sourceTree = "<group>"; };
		719FA1441F994984007B5AD4 /* SDL2.framework */ = {isa = PBXFileReference; lastKnownFileType = wrapper.framework; path = SDL2.framework; sourceTree = "<group>"; };
		71A09F201F9BC785005ED838 /* FontResource.cpp */ = {isa = PBXFileReference; fileEncoding = 4; lastKnownFileType = sourcecode.cpp.cpp; name = FontResource.cpp; path = src/FontResource.cpp; sourceTree = "<group>"; };
		71A09F211F9BC785005ED838 /* FontResource.hpp */ = {isa = PBXFileReference; fileEncoding = 4; lastKnownFileType = sourcecode.cpp.h; name = FontResource.hpp; path = src/FontResource.hpp; sourceTree = "<group>"; };
		71BA89BE1FC9BD18003A5A37 /* RenderBehavior.cpp */ = {isa = PBXFileReference; fileEncoding = 4; lastKnownFileType = sourcecode.cpp.cpp; name = RenderBehavior.cpp; path = src/RenderBehavior.cpp; sourceTree = "<group>"; };
		71BA89BF1FC9BD18003A5A37 /* RenderBehavior.hpp */ = {isa = PBXFileReference; fileEncoding = 4; lastKnownFileType = sourcecode.cpp.h; name = RenderBehavior.hpp; path = src/RenderBehavior.hpp; sourceTree = "<group>"; };
		71D8D3A21FCC9640004DDE7E /* UIBehavior.cpp */ = {isa = PBXFileReference; fileEncoding = 4; lastKnownFileType = sourcecode.cpp.cpp; name = UIBehavior.cpp; path = src/UIBehavior.cpp; sourceTree = "<group>"; };
		71D8D3A31FCC9640004DDE7E /* UIBehavior.hpp */ = {isa = PBXFileReference; fileEncoding = 4; lastKnownFileType = sourcecode.cpp.h; name = UIBehavior.hpp; path = src/UIBehavior.hpp; sourceTree = "<group>"; };
		71E694511F5318E9001EB381 /* Application.cpp */ = {isa = PBXFileReference; fileEncoding = 4; lastKnownFileType = sourcecode.cpp.cpp; name = Application.cpp; path = src/Application.cpp; sourceTree = "<group>"; };
		71E694521F5318E9001EB381 /* Application.hpp */ = {isa = PBXFileReference; fileEncoding = 4; lastKnownFileType = sourcecode.cpp.h; name = Application.hpp; path = src/Application.hpp; sourceTree = "<group>"; };
		71E694531F5318E9001EB381 /* Behavior.cpp */ = {isa = PBXFileReference; fileEncoding = 4; lastKnownFileType = sourcecode.cpp.cpp; name = Behavior.cpp; path = src/Behavior.cpp; sourceTree = "<group>"; };
		71E694541F5318E9001EB381 /* Behavior.hpp */ = {isa = PBXFileReference; fileEncoding = 4; lastKnownFileType = sourcecode.cpp.h; name = Behavior.hpp; path = src/Behavior.hpp; sourceTree = "<group>"; };
		71E694551F5318E9001EB381 /* common.h */ = {isa = PBXFileReference; fileEncoding = 4; lastKnownFileType = sourcecode.c.h; name = common.h; path = src/common.h; sourceTree = "<group>"; };
		71E694561F5318E9001EB381 /* GameObject.cpp */ = {isa = PBXFileReference; fileEncoding = 4; lastKnownFileType = sourcecode.cpp.cpp; name = GameObject.cpp; path = src/GameObject.cpp; sourceTree = "<group>"; };
		71E694571F5318E9001EB381 /* GameObject.hpp */ = {isa = PBXFileReference; fileEncoding = 4; lastKnownFileType = sourcecode.cpp.h; name = GameObject.hpp; path = src/GameObject.hpp; sourceTree = "<group>"; };
		71E6945A1F5318E9001EB381 /* ImageResource.cpp */ = {isa = PBXFileReference; fileEncoding = 4; lastKnownFileType = sourcecode.cpp.cpp; name = ImageResource.cpp; path = src/ImageResource.cpp; sourceTree = "<group>"; };
		71E6945B1F5318E9001EB381 /* ImageResource.hpp */ = {isa = PBXFileReference; fileEncoding = 4; lastKnownFileType = sourcecode.cpp.h; name = ImageResource.hpp; path = src/ImageResource.hpp; sourceTree = "<group>"; };
		71E6945C1F5318E9001EB381 /* json.hpp */ = {isa = PBXFileReference; fileEncoding = 4; lastKnownFileType = sourcecode.cpp.h; name = json.hpp; path = src/json.hpp; sourceTree = "<group>"; };
		71E6945D1F5318E9001EB381 /* main.cpp */ = {isa = PBXFileReference; fileEncoding = 4; lastKnownFileType = sourcecode.cpp.cpp; name = main.cpp; path = src/main.cpp; sourceTree = "<group>"; };
		71E6945E1F5318E9001EB381 /* RenderShapeBehavior.cpp */ = {isa = PBXFileReference; fileEncoding = 4; lastKnownFileType = sourcecode.cpp.cpp; name = RenderShapeBehavior.cpp; path = src/RenderShapeBehavior.cpp; sourceTree = "<group>"; };
		71E6945F1F5318E9001EB381 /* RenderShapeBehavior.hpp */ = {isa = PBXFileReference; fileEncoding = 4; lastKnownFileType = sourcecode.cpp.h; name = RenderShapeBehavior.hpp; path = src/RenderShapeBehavior.hpp; sourceTree = "<group>"; };
		71E694601F5318E9001EB381 /* RenderSpriteBehavior.cpp */ = {isa = PBXFileReference; fileEncoding = 4; lastKnownFileType = sourcecode.cpp.cpp; name = RenderSpriteBehavior.cpp; path = src/RenderSpriteBehavior.cpp; sourceTree = "<group>"; };
		71E694611F5318E9001EB381 /* RenderSpriteBehavior.hpp */ = {isa = PBXFileReference; fileEncoding = 4; lastKnownFileType = sourcecode.cpp.h; name = RenderSpriteBehavior.hpp; path = src/RenderSpriteBehavior.hpp; sourceTree = "<group>"; };
		71E694621F5318E9001EB381 /* ResourceManager.hpp */ = {isa = PBXFileReference; fileEncoding = 4; lastKnownFileType = sourcecode.cpp.h; name = ResourceManager.hpp; path = src/ResourceManager.hpp; sourceTree = "<group>"; };
		71E694631F5318E9001EB381 /* SampleBehavior.cpp */ = {isa = PBXFileReference; fileEncoding = 4; lastKnownFileType = sourcecode.cpp.cpp; name = SampleBehavior.cpp; path = src/SampleBehavior.cpp; sourceTree = "<group>"; };
		71E694641F5318E9001EB381 /* SampleBehavior.hpp */ = {isa = PBXFileReference; fileEncoding = 4; lastKnownFileType = sourcecode.cpp.h; name = SampleBehavior.hpp; path = src/SampleBehavior.hpp; sourceTree = "<group>"; };
		71E694651F5318E9001EB381 /* Scene.cpp */ = {isa = PBXFileReference; fileEncoding = 4; lastKnownFileType = sourcecode.cpp.cpp; name = Scene.cpp; path = src/Scene.cpp; sourceTree = "<group>"; };
		71E694661F5318E9001EB381 /* Scene.hpp */ = {isa = PBXFileReference; fileEncoding = 4; lastKnownFileType = sourcecode.cpp.h; name = Scene.hpp; path = src/Scene.hpp; sourceTree = "<group>"; };
		71E793901FC47DAD0026ABCB /* Image.cpp */ = {isa = PBXFileReference; fileEncoding = 4; lastKnownFileType = sourcecode.cpp.cpp; name = Image.cpp; path = src/Image.cpp; sourceTree = "<group>"; };
		71E793911FC47DAD0026ABCB /* Image.hpp */ = {isa = PBXFileReference; fileEncoding = 4; lastKnownFileType = sourcecode.cpp.h; name = Image.hpp; path = src/Image.hpp; sourceTree = "<group>"; };
		71E793961FC480A00026ABCB /* SDL2_net.framework */ = {isa = PBXFileReference; lastKnownFileType = wrapper.framework; name = SDL2_net.framework; path = ../../../../../Library/Frameworks/SDL2_net.framework; sourceTree = "<group>"; };
		71EB81A61F803BDF0087F25B /* makefile-opi */ = {isa = PBXFileReference; lastKnownFileType = text; path = "makefile-opi"; sourceTree = "<group>"; };
		71EB81A71F803BDF0087F25B /* makefile-rpi */ = {isa = PBXFileReference; lastKnownFileType = text; path = "makefile-rpi"; sourceTree = "<group>"; };
		71F343331F950B5D00A850A4 /* documentation.txt */ = {isa = PBXFileReference; lastKnownFileType = text; path = documentation.txt; sourceTree = "<group>"; };
		71F4846D1F814B9300AF17EA /* Box2D.h */ = {isa = PBXFileReference; lastKnownFileType = sourcecode.c.h; path = Box2D.h; sourceTree = "<group>"; };
		71F484701F814B9300AF17EA /* b2BroadPhase.cpp */ = {isa = PBXFileReference; lastKnownFileType = sourcecode.cpp.cpp; path = b2BroadPhase.cpp; sourceTree = "<group>"; };
		71F484711F814B9300AF17EA /* b2BroadPhase.h */ = {isa = PBXFileReference; lastKnownFileType = sourcecode.c.h; path = b2BroadPhase.h; sourceTree = "<group>"; };
		71F484721F814B9300AF17EA /* b2CollideCircle.cpp */ = {isa = PBXFileReference; lastKnownFileType = sourcecode.cpp.cpp; path = b2CollideCircle.cpp; sourceTree = "<group>"; };
		71F484731F814B9300AF17EA /* b2CollideEdge.cpp */ = {isa = PBXFileReference; lastKnownFileType = sourcecode.cpp.cpp; path = b2CollideEdge.cpp; sourceTree = "<group>"; };
		71F484741F814B9300AF17EA /* b2CollidePolygon.cpp */ = {isa = PBXFileReference; lastKnownFileType = sourcecode.cpp.cpp; path = b2CollidePolygon.cpp; sourceTree = "<group>"; };
		71F484751F814B9300AF17EA /* b2Collision.cpp */ = {isa = PBXFileReference; lastKnownFileType = sourcecode.cpp.cpp; path = b2Collision.cpp; sourceTree = "<group>"; };
		71F484761F814B9300AF17EA /* b2Collision.h */ = {isa = PBXFileReference; lastKnownFileType = sourcecode.c.h; path = b2Collision.h; sourceTree = "<group>"; };
		71F484771F814B9300AF17EA /* b2Distance.cpp */ = {isa = PBXFileReference; lastKnownFileType = sourcecode.cpp.cpp; path = b2Distance.cpp; sourceTree = "<group>"; };
		71F484781F814B9300AF17EA /* b2Distance.h */ = {isa = PBXFileReference; lastKnownFileType = sourcecode.c.h; path = b2Distance.h; sourceTree = "<group>"; };
		71F484791F814B9300AF17EA /* b2DynamicTree.cpp */ = {isa = PBXFileReference; lastKnownFileType = sourcecode.cpp.cpp; path = b2DynamicTree.cpp; sourceTree = "<group>"; };
		71F4847A1F814B9300AF17EA /* b2DynamicTree.h */ = {isa = PBXFileReference; lastKnownFileType = sourcecode.c.h; path = b2DynamicTree.h; sourceTree = "<group>"; };
		71F4847B1F814B9300AF17EA /* b2TimeOfImpact.cpp */ = {isa = PBXFileReference; lastKnownFileType = sourcecode.cpp.cpp; path = b2TimeOfImpact.cpp; sourceTree = "<group>"; };
		71F4847C1F814B9300AF17EA /* b2TimeOfImpact.h */ = {isa = PBXFileReference; lastKnownFileType = sourcecode.c.h; path = b2TimeOfImpact.h; sourceTree = "<group>"; };
		71F4847E1F814B9300AF17EA /* b2ChainShape.cpp */ = {isa = PBXFileReference; lastKnownFileType = sourcecode.cpp.cpp; path = b2ChainShape.cpp; sourceTree = "<group>"; };
		71F4847F1F814B9300AF17EA /* b2ChainShape.h */ = {isa = PBXFileReference; lastKnownFileType = sourcecode.c.h; path = b2ChainShape.h; sourceTree = "<group>"; };
		71F484801F814B9300AF17EA /* b2CircleShape.cpp */ = {isa = PBXFileReference; lastKnownFileType = sourcecode.cpp.cpp; path = b2CircleShape.cpp; sourceTree = "<group>"; };
		71F484811F814B9300AF17EA /* b2CircleShape.h */ = {isa = PBXFileReference; lastKnownFileType = sourcecode.c.h; path = b2CircleShape.h; sourceTree = "<group>"; };
		71F484821F814B9300AF17EA /* b2EdgeShape.cpp */ = {isa = PBXFileReference; lastKnownFileType = sourcecode.cpp.cpp; path = b2EdgeShape.cpp; sourceTree = "<group>"; };
		71F484831F814B9300AF17EA /* b2EdgeShape.h */ = {isa = PBXFileReference; lastKnownFileType = sourcecode.c.h; path = b2EdgeShape.h; sourceTree = "<group>"; };
		71F484841F814B9300AF17EA /* b2PolygonShape.cpp */ = {isa = PBXFileReference; lastKnownFileType = sourcecode.cpp.cpp; path = b2PolygonShape.cpp; sourceTree = "<group>"; };
		71F484851F814B9300AF17EA /* b2PolygonShape.h */ = {isa = PBXFileReference; lastKnownFileType = sourcecode.c.h; path = b2PolygonShape.h; sourceTree = "<group>"; };
		71F484861F814B9300AF17EA /* b2Shape.h */ = {isa = PBXFileReference; lastKnownFileType = sourcecode.c.h; path = b2Shape.h; sourceTree = "<group>"; };
		71F484881F814B9300AF17EA /* b2BlockAllocator.cpp */ = {isa = PBXFileReference; lastKnownFileType = sourcecode.cpp.cpp; path = b2BlockAllocator.cpp; sourceTree = "<group>"; };
		71F484891F814B9300AF17EA /* b2BlockAllocator.h */ = {isa = PBXFileReference; lastKnownFileType = sourcecode.c.h; path = b2BlockAllocator.h; sourceTree = "<group>"; };
		71F4848A1F814B9300AF17EA /* b2Draw.cpp */ = {isa = PBXFileReference; lastKnownFileType = sourcecode.cpp.cpp; path = b2Draw.cpp; sourceTree = "<group>"; };
		71F4848B1F814B9300AF17EA /* b2Draw.h */ = {isa = PBXFileReference; lastKnownFileType = sourcecode.c.h; path = b2Draw.h; sourceTree = "<group>"; };
		71F4848C1F814B9300AF17EA /* b2FreeList.cpp */ = {isa = PBXFileReference; lastKnownFileType = sourcecode.cpp.cpp; path = b2FreeList.cpp; sourceTree = "<group>"; };
		71F4848D1F814B9300AF17EA /* b2FreeList.h */ = {isa = PBXFileReference; lastKnownFileType = sourcecode.c.h; path = b2FreeList.h; sourceTree = "<group>"; };
		71F4848E1F814B9300AF17EA /* b2GrowableBuffer.h */ = {isa = PBXFileReference; lastKnownFileType = sourcecode.c.h; path = b2GrowableBuffer.h; sourceTree = "<group>"; };
		71F4848F1F814B9300AF17EA /* b2GrowableStack.h */ = {isa = PBXFileReference; lastKnownFileType = sourcecode.c.h; path = b2GrowableStack.h; sourceTree = "<group>"; };
		71F484901F814B9300AF17EA /* b2IntrusiveList.h */ = {isa = PBXFileReference; lastKnownFileType = sourcecode.c.h; path = b2IntrusiveList.h; sourceTree = "<group>"; };
		71F484911F814B9300AF17EA /* b2Math.cpp */ = {isa = PBXFileReference; lastKnownFileType = sourcecode.cpp.cpp; path = b2Math.cpp; sourceTree = "<group>"; };
		71F484921F814B9300AF17EA /* b2Math.h */ = {isa = PBXFileReference; lastKnownFileType = sourcecode.c.h; path = b2Math.h; sourceTree = "<group>"; };
		71F484931F814B9300AF17EA /* b2Settings.cpp */ = {isa = PBXFileReference; lastKnownFileType = sourcecode.cpp.cpp; path = b2Settings.cpp; sourceTree = "<group>"; };
		71F484941F814B9300AF17EA /* b2Settings.h */ = {isa = PBXFileReference; lastKnownFileType = sourcecode.c.h; path = b2Settings.h; sourceTree = "<group>"; };
		71F484951F814B9300AF17EA /* b2SlabAllocator.h */ = {isa = PBXFileReference; lastKnownFileType = sourcecode.c.h; path = b2SlabAllocator.h; sourceTree = "<group>"; };
		71F484961F814B9300AF17EA /* b2StackAllocator.cpp */ = {isa = PBXFileReference; lastKnownFileType = sourcecode.cpp.cpp; path = b2StackAllocator.cpp; sourceTree = "<group>"; };
		71F484971F814B9300AF17EA /* b2StackAllocator.h */ = {isa = PBXFileReference; lastKnownFileType = sourcecode.c.h; path = b2StackAllocator.h; sourceTree = "<group>"; };
		71F484981F814B9300AF17EA /* b2Stat.cpp */ = {isa = PBXFileReference; lastKnownFileType = sourcecode.cpp.cpp; path = b2Stat.cpp; sourceTree = "<group>"; };
		71F484991F814B9300AF17EA /* b2Stat.h */ = {isa = PBXFileReference; lastKnownFileType = sourcecode.c.h; path = b2Stat.h; sourceTree = "<group>"; };
		71F4849A1F814B9300AF17EA /* b2Timer.cpp */ = {isa = PBXFileReference; lastKnownFileType = sourcecode.cpp.cpp; path = b2Timer.cpp; sourceTree = "<group>"; };
		71F4849B1F814B9300AF17EA /* b2Timer.h */ = {isa = PBXFileReference; lastKnownFileType = sourcecode.c.h; path = b2Timer.h; sourceTree = "<group>"; };
		71F4849C1F814B9300AF17EA /* b2TrackedBlock.cpp */ = {isa = PBXFileReference; lastKnownFileType = sourcecode.cpp.cpp; path = b2TrackedBlock.cpp; sourceTree = "<group>"; };
		71F4849D1F814B9300AF17EA /* b2TrackedBlock.h */ = {isa = PBXFileReference; lastKnownFileType = sourcecode.c.h; path = b2TrackedBlock.h; sourceTree = "<group>"; };
		71F4849F1F814B9400AF17EA /* b2Body.cpp */ = {isa = PBXFileReference; lastKnownFileType = sourcecode.cpp.cpp; path = b2Body.cpp; sourceTree = "<group>"; };
		71F484A01F814B9400AF17EA /* b2Body.h */ = {isa = PBXFileReference; lastKnownFileType = sourcecode.c.h; path = b2Body.h; sourceTree = "<group>"; };
		71F484A11F814B9400AF17EA /* b2ContactManager.cpp */ = {isa = PBXFileReference; lastKnownFileType = sourcecode.cpp.cpp; path = b2ContactManager.cpp; sourceTree = "<group>"; };
		71F484A21F814B9400AF17EA /* b2ContactManager.h */ = {isa = PBXFileReference; lastKnownFileType = sourcecode.c.h; path = b2ContactManager.h; sourceTree = "<group>"; };
		71F484A31F814B9400AF17EA /* b2Fixture.cpp */ = {isa = PBXFileReference; lastKnownFileType = sourcecode.cpp.cpp; path = b2Fixture.cpp; sourceTree = "<group>"; };
		71F484A41F814B9400AF17EA /* b2Fixture.h */ = {isa = PBXFileReference; lastKnownFileType = sourcecode.c.h; path = b2Fixture.h; sourceTree = "<group>"; };
		71F484A51F814B9400AF17EA /* b2Island.cpp */ = {isa = PBXFileReference; lastKnownFileType = sourcecode.cpp.cpp; path = b2Island.cpp; sourceTree = "<group>"; };
		71F484A61F814B9400AF17EA /* b2Island.h */ = {isa = PBXFileReference; lastKnownFileType = sourcecode.c.h; path = b2Island.h; sourceTree = "<group>"; };
		71F484A71F814B9400AF17EA /* b2TimeStep.h */ = {isa = PBXFileReference; lastKnownFileType = sourcecode.c.h; path = b2TimeStep.h; sourceTree = "<group>"; };
		71F484A81F814B9400AF17EA /* b2World.cpp */ = {isa = PBXFileReference; lastKnownFileType = sourcecode.cpp.cpp; path = b2World.cpp; sourceTree = "<group>"; };
		71F484A91F814B9400AF17EA /* b2World.h */ = {isa = PBXFileReference; lastKnownFileType = sourcecode.c.h; path = b2World.h; sourceTree = "<group>"; };
		71F484AA1F814B9400AF17EA /* b2WorldCallbacks.cpp */ = {isa = PBXFileReference; lastKnownFileType = sourcecode.cpp.cpp; path = b2WorldCallbacks.cpp; sourceTree = "<group>"; };
		71F484AB1F814B9400AF17EA /* b2WorldCallbacks.h */ = {isa = PBXFileReference; lastKnownFileType = sourcecode.c.h; path = b2WorldCallbacks.h; sourceTree = "<group>"; };
		71F484AD1F814B9400AF17EA /* b2ChainAndCircleContact.cpp */ = {isa = PBXFileReference; lastKnownFileType = sourcecode.cpp.cpp; path = b2ChainAndCircleContact.cpp; sourceTree = "<group>"; };
		71F484AE1F814B9400AF17EA /* b2ChainAndCircleContact.h */ = {isa = PBXFileReference; lastKnownFileType = sourcecode.c.h; path = b2ChainAndCircleContact.h; sourceTree = "<group>"; };
		71F484AF1F814B9400AF17EA /* b2ChainAndPolygonContact.cpp */ = {isa = PBXFileReference; lastKnownFileType = sourcecode.cpp.cpp; path = b2ChainAndPolygonContact.cpp; sourceTree = "<group>"; };
		71F484B01F814B9400AF17EA /* b2ChainAndPolygonContact.h */ = {isa = PBXFileReference; lastKnownFileType = sourcecode.c.h; path = b2ChainAndPolygonContact.h; sourceTree = "<group>"; };
		71F484B11F814B9400AF17EA /* b2CircleContact.cpp */ = {isa = PBXFileReference; lastKnownFileType = sourcecode.cpp.cpp; path = b2CircleContact.cpp; sourceTree = "<group>"; };
		71F484B21F814B9400AF17EA /* b2CircleContact.h */ = {isa = PBXFileReference; lastKnownFileType = sourcecode.c.h; path = b2CircleContact.h; sourceTree = "<group>"; };
		71F484B31F814B9400AF17EA /* b2Contact.cpp */ = {isa = PBXFileReference; lastKnownFileType = sourcecode.cpp.cpp; path = b2Contact.cpp; sourceTree = "<group>"; };
		71F484B41F814B9400AF17EA /* b2Contact.h */ = {isa = PBXFileReference; lastKnownFileType = sourcecode.c.h; path = b2Contact.h; sourceTree = "<group>"; };
		71F484B51F814B9400AF17EA /* b2ContactSolver.cpp */ = {isa = PBXFileReference; lastKnownFileType = sourcecode.cpp.cpp; path = b2ContactSolver.cpp; sourceTree = "<group>"; };
		71F484B61F814B9400AF17EA /* b2ContactSolver.h */ = {isa = PBXFileReference; lastKnownFileType = sourcecode.c.h; path = b2ContactSolver.h; sourceTree = "<group>"; };
		71F484B71F814B9400AF17EA /* b2EdgeAndCircleContact.cpp */ = {isa = PBXFileReference; lastKnownFileType = sourcecode.cpp.cpp; path = b2EdgeAndCircleContact.cpp; sourceTree = "<group>"; };
		71F484B81F814B9400AF17EA /* b2EdgeAndCircleContact.h */ = {isa = PBXFileReference; lastKnownFileType = sourcecode.c.h; path = b2EdgeAndCircleContact.h; sourceTree = "<group>"; };
		71F484B91F814B9400AF17EA /* b2EdgeAndPolygonContact.cpp */ = {isa = PBXFileReference; lastKnownFileType = sourcecode.cpp.cpp; path = b2EdgeAndPolygonContact.cpp; sourceTree = "<group>"; };
		71F484BA1F814B9400AF17EA /* b2EdgeAndPolygonContact.h */ = {isa = PBXFileReference; lastKnownFileType = sourcecode.c.h; path = b2EdgeAndPolygonContact.h; sourceTree = "<group>"; };
		71F484BB1F814B9400AF17EA /* b2PolygonAndCircleContact.cpp */ = {isa = PBXFileReference; lastKnownFileType = sourcecode.cpp.cpp; path = b2PolygonAndCircleContact.cpp; sourceTree = "<group>"; };
		71F484BC1F814B9400AF17EA /* b2PolygonAndCircleContact.h */ = {isa = PBXFileReference; lastKnownFileType = sourcecode.c.h; path = b2PolygonAndCircleContact.h; sourceTree = "<group>"; };
		71F484BD1F814B9400AF17EA /* b2PolygonContact.cpp */ = {isa = PBXFileReference; lastKnownFileType = sourcecode.cpp.cpp; path = b2PolygonContact.cpp; sourceTree = "<group>"; };
		71F484BE1F814B9400AF17EA /* b2PolygonContact.h */ = {isa = PBXFileReference; lastKnownFileType = sourcecode.c.h; path = b2PolygonContact.h; sourceTree = "<group>"; };
		71F484C01F814B9400AF17EA /* b2DistanceJoint.cpp */ = {isa = PBXFileReference; lastKnownFileType = sourcecode.cpp.cpp; path = b2DistanceJoint.cpp; sourceTree = "<group>"; };
		71F484C11F814B9400AF17EA /* b2DistanceJoint.h */ = {isa = PBXFileReference; lastKnownFileType = sourcecode.c.h; path = b2DistanceJoint.h; sourceTree = "<group>"; };
		71F484C21F814B9400AF17EA /* b2FrictionJoint.cpp */ = {isa = PBXFileReference; lastKnownFileType = sourcecode.cpp.cpp; path = b2FrictionJoint.cpp; sourceTree = "<group>"; };
		71F484C31F814B9400AF17EA /* b2FrictionJoint.h */ = {isa = PBXFileReference; lastKnownFileType = sourcecode.c.h; path = b2FrictionJoint.h; sourceTree = "<group>"; };
		71F484C41F814B9400AF17EA /* b2GearJoint.cpp */ = {isa = PBXFileReference; lastKnownFileType = sourcecode.cpp.cpp; path = b2GearJoint.cpp; sourceTree = "<group>"; };
		71F484C51F814B9400AF17EA /* b2GearJoint.h */ = {isa = PBXFileReference; lastKnownFileType = sourcecode.c.h; path = b2GearJoint.h; sourceTree = "<group>"; };
		71F484C61F814B9400AF17EA /* b2Joint.cpp */ = {isa = PBXFileReference; lastKnownFileType = sourcecode.cpp.cpp; path = b2Joint.cpp; sourceTree = "<group>"; };
		71F484C71F814B9400AF17EA /* b2Joint.h */ = {isa = PBXFileReference; lastKnownFileType = sourcecode.c.h; path = b2Joint.h; sourceTree = "<group>"; };
		71F484C81F814B9400AF17EA /* b2MotorJoint.cpp */ = {isa = PBXFileReference; lastKnownFileType = sourcecode.cpp.cpp; path = b2MotorJoint.cpp; sourceTree = "<group>"; };
		71F484C91F814B9400AF17EA /* b2MotorJoint.h */ = {isa = PBXFileReference; lastKnownFileType = sourcecode.c.h; path = b2MotorJoint.h; sourceTree = "<group>"; };
		71F484CA1F814B9400AF17EA /* b2MouseJoint.cpp */ = {isa = PBXFileReference; lastKnownFileType = sourcecode.cpp.cpp; path = b2MouseJoint.cpp; sourceTree = "<group>"; };
		71F484CB1F814B9400AF17EA /* b2MouseJoint.h */ = {isa = PBXFileReference; lastKnownFileType = sourcecode.c.h; path = b2MouseJoint.h; sourceTree = "<group>"; };
		71F484CC1F814B9400AF17EA /* b2PrismaticJoint.cpp */ = {isa = PBXFileReference; lastKnownFileType = sourcecode.cpp.cpp; path = b2PrismaticJoint.cpp; sourceTree = "<group>"; };
		71F484CD1F814B9400AF17EA /* b2PrismaticJoint.h */ = {isa = PBXFileReference; lastKnownFileType = sourcecode.c.h; path = b2PrismaticJoint.h; sourceTree = "<group>"; };
		71F484CE1F814B9400AF17EA /* b2PulleyJoint.cpp */ = {isa = PBXFileReference; lastKnownFileType = sourcecode.cpp.cpp; path = b2PulleyJoint.cpp; sourceTree = "<group>"; };
		71F484CF1F814B9400AF17EA /* b2PulleyJoint.h */ = {isa = PBXFileReference; lastKnownFileType = sourcecode.c.h; path = b2PulleyJoint.h; sourceTree = "<group>"; };
		71F484D01F814B9400AF17EA /* b2RevoluteJoint.cpp */ = {isa = PBXFileReference; lastKnownFileType = sourcecode.cpp.cpp; path = b2RevoluteJoint.cpp; sourceTree = "<group>"; };
		71F484D11F814B9400AF17EA /* b2RevoluteJoint.h */ = {isa = PBXFileReference; lastKnownFileType = sourcecode.c.h; path = b2RevoluteJoint.h; sourceTree = "<group>"; };
		71F484D21F814B9400AF17EA /* b2RopeJoint.cpp */ = {isa = PBXFileReference; lastKnownFileType = sourcecode.cpp.cpp; path = b2RopeJoint.cpp; sourceTree = "<group>"; };
		71F484D31F814B9400AF17EA /* b2RopeJoint.h */ = {isa = PBXFileReference; lastKnownFileType = sourcecode.c.h; path = b2RopeJoint.h; sourceTree = "<group>"; };
		71F484D41F814B9400AF17EA /* b2WeldJoint.cpp */ = {isa = PBXFileReference; lastKnownFileType = sourcecode.cpp.cpp; path = b2WeldJoint.cpp; sourceTree = "<group>"; };
		71F484D51F814B9400AF17EA /* b2WeldJoint.h */ = {isa = PBXFileReference; lastKnownFileType = sourcecode.c.h; path = b2WeldJoint.h; sourceTree = "<group>"; };
		71F484D61F814B9400AF17EA /* b2WheelJoint.cpp */ = {isa = PBXFileReference; lastKnownFileType = sourcecode.cpp.cpp; path = b2WheelJoint.cpp; sourceTree = "<group>"; };
		71F484D71F814B9400AF17EA /* b2WheelJoint.h */ = {isa = PBXFileReference; lastKnownFileType = sourcecode.c.h; path = b2WheelJoint.h; sourceTree = "<group>"; };
		71F484D91F814B9400AF17EA /* b2Particle.cpp */ = {isa = PBXFileReference; lastKnownFileType = sourcecode.cpp.cpp; path = b2Particle.cpp; sourceTree = "<group>"; };
		71F484DA1F814B9400AF17EA /* b2Particle.h */ = {isa = PBXFileReference; lastKnownFileType = sourcecode.c.h; path = b2Particle.h; sourceTree = "<group>"; };
		71F484DB1F814B9400AF17EA /* b2ParticleAssembly.cpp */ = {isa = PBXFileReference; lastKnownFileType = sourcecode.cpp.cpp; path = b2ParticleAssembly.cpp; sourceTree = "<group>"; };
		71F484DC1F814B9400AF17EA /* b2ParticleAssembly.h */ = {isa = PBXFileReference; lastKnownFileType = sourcecode.c.h; path = b2ParticleAssembly.h; sourceTree = "<group>"; };
		71F484DD1F814B9400AF17EA /* b2ParticleAssembly.neon.s */ = {isa = PBXFileReference; lastKnownFileType = sourcecode.asm; path = b2ParticleAssembly.neon.s; sourceTree = "<group>"; };
		71F484DE1F814B9400AF17EA /* b2ParticleGroup.cpp */ = {isa = PBXFileReference; lastKnownFileType = sourcecode.cpp.cpp; path = b2ParticleGroup.cpp; sourceTree = "<group>"; };
		71F484DF1F814B9400AF17EA /* b2ParticleGroup.h */ = {isa = PBXFileReference; lastKnownFileType = sourcecode.c.h; path = b2ParticleGroup.h; sourceTree = "<group>"; };
		71F484E01F814B9400AF17EA /* b2ParticleSystem.cpp */ = {isa = PBXFileReference; lastKnownFileType = sourcecode.cpp.cpp; path = b2ParticleSystem.cpp; sourceTree = "<group>"; };
		71F484E11F814B9400AF17EA /* b2ParticleSystem.h */ = {isa = PBXFileReference; lastKnownFileType = sourcecode.c.h; path = b2ParticleSystem.h; sourceTree = "<group>"; };
		71F484E21F814B9400AF17EA /* b2StackQueue.h */ = {isa = PBXFileReference; lastKnownFileType = sourcecode.c.h; path = b2StackQueue.h; sourceTree = "<group>"; };
		71F484E31F814B9400AF17EA /* b2VoronoiDiagram.cpp */ = {isa = PBXFileReference; lastKnownFileType = sourcecode.cpp.cpp; path = b2VoronoiDiagram.cpp; sourceTree = "<group>"; };
		71F484E41F814B9400AF17EA /* b2VoronoiDiagram.h */ = {isa = PBXFileReference; lastKnownFileType = sourcecode.c.h; path = b2VoronoiDiagram.h; sourceTree = "<group>"; };
		71F484E61F814B9400AF17EA /* b2Rope.cpp */ = {isa = PBXFileReference; lastKnownFileType = sourcecode.cpp.cpp; path = b2Rope.cpp; sourceTree = "<group>"; };
		71F484E71F814B9400AF17EA /* b2Rope.h */ = {isa = PBXFileReference; lastKnownFileType = sourcecode.c.h; path = b2Rope.h; sourceTree = "<group>"; };
/* End PBXFileReference section */

/* Begin PBXFrameworksBuildPhase section */
		717C0C9F1F40F92200AA54E7 /* Frameworks */ = {
			isa = PBXFrameworksBuildPhase;
			buildActionMask = 2147483647;
			files = (
				711B388A1F64B55E00A6B224 /* libmozjs-24.0.dylib in Frameworks */,
				719FA1451F994984007B5AD4 /* SDL2.framework in Frameworks */,
				718CE3A41F62D80900A3B498 /* SDL2_gpu.framework/SDL2_gpu in Frameworks */,
				718CE39D1F62D5C300A3B498 /* libSDL2_gpu.a in Frameworks */,
				7117EBE91F420D5000C25611 /* SDL2_image.framework in Frameworks */,
				7117EBEA1F420D5000C25611 /* SDL2_mixer.framework in Frameworks */,
				7117EBEB1F420D5000C25611 /* SDL2_ttf.framework in Frameworks */,
				71E793971FC480A00026ABCB /* SDL2_net.framework in Frameworks */,
			);
			runOnlyForDeploymentPostprocessing = 0;
		};
/* End PBXFrameworksBuildPhase section */

/* Begin PBXGroup section */
		710A472A1F7EB4D100A89171 /* Support */ = {
			isa = PBXGroup;
			children = (
				713D70211F82CDE80011B7E8 /* Input.hpp */,
				713D70201F82CDE80011B7E8 /* Input.cpp */,
				719291BD1FA26BAA0067892E /* Controller.hpp */,
				719291BC1FA26BAA0067892E /* Controller.cpp */,
				710A47361F7EB4F300A89171 /* Color.hpp */,
				710A47351F7EB4F300A89171 /* Color.cpp */,
				718533251F9FF7B90080B05A /* Sound.hpp */,
				718533241F9FF7B90080B05A /* Sound.cpp */,
				71E793911FC47DAD0026ABCB /* Image.hpp */,
				71E793901FC47DAD0026ABCB /* Image.cpp */,
			);
			name = Support;
			sourceTree = "<group>";
		};
		713D702B1F82CE280011B7E8 /* Scripting */ = {
			isa = PBXGroup;
			children = (
				71515BAC1F682EDB004ED8C0 /* ScriptHost.hpp */,
				719F54301F77E2E600E5F39F /* ScriptArguments.hpp */,
				719F542F1F77E2E600E5F39F /* ScriptArguments.cpp */,
				715EEE571F7555DD000B99AE /* ScriptableClass.hpp */,
			);
			name = Scripting;
			sourceTree = "<group>";
		};
		716245101F42261E0091E488 /* src */ = {
			isa = PBXGroup;
			children = (
				71F4846C1F814B9300AF17EA /* Box2D */,
				71E694711F53246A001EB381 /* Application */,
				713D702B1F82CE280011B7E8 /* Scripting */,
				71E694721F53247C001EB381 /* Behavior */,
				710A472A1F7EB4D100A89171 /* Support */,
				71E694731F53248A001EB381 /* GameObject */,
				71E694741F532532001EB381 /* Resources */,
			);
			name = src;
			sourceTree = "<group>";
		};
		717C0C991F40F92200AA54E7 = {
			isa = PBXGroup;
			children = (
				718CE3801F62D5A600A3B498 /* SDL_gpu.xcodeproj */,
				7194130D1F48887B0066EF3D /* notes.txt */,
				71F343331F950B5D00A850A4 /* documentation.txt */,
				71EB81A61F803BDF0087F25B /* makefile-opi */,
				71EB81A71F803BDF0087F25B /* makefile-rpi */,
				71257C601F520EFC006A8EEC /* fxport.jsfl */,
				713D702C1F82D7370011B7E8 /* default */,
				716245101F42261E0091E488 /* src */,
				717C0CA31F40F92200AA54E7 /* Products */,
				717C0CAC1F40FBC400AA54E7 /* Frameworks */,
			);
			sourceTree = "<group>";
		};
		717C0CA31F40F92200AA54E7 /* Products */ = {
			isa = PBXGroup;
			children = (
				717C0CA21F40F92200AA54E7 /* nikogame */,
			);
			name = Products;
			sourceTree = "<group>";
		};
		717C0CAC1F40FBC400AA54E7 /* Frameworks */ = {
			isa = PBXGroup;
			children = (
				71E793961FC480A00026ABCB /* SDL2_net.framework */,
				719FA1441F994984007B5AD4 /* SDL2.framework */,
				711B38891F64B55E00A6B224 /* libmozjs-24.0.dylib */,
				7117EBE61F420D5000C25611 /* SDL2_image.framework */,
				7117EBE71F420D5000C25611 /* SDL2_mixer.framework */,
				7117EBE81F420D5000C25611 /* SDL2_ttf.framework */,
			);
			name = Frameworks;
			sourceTree = "<group>";
		};
		718CE3811F62D5A600A3B498 /* Products */ = {
			isa = PBXGroup;
			children = (
				71BA89CA1FC9BD19003A5A37 /* libtest-common.a */,
				718CE3921F62D5A600A3B498 /* libSDL2_gpu.a */,
				718CE3941F62D5A600A3B498 /* SDL2_gpu.framework/SDL2_gpu */,
				71BA89CC1FC9BD19003A5A37 /* 3d-demo */,
				71BA89CE1FC9BD19003A5A37 /* init-demo */,
				71BA89D01FC9BD19003A5A37 /* simple-shader-demo */,
				71BA89D21FC9BD19003A5A37 /* tutorial-space-demo */,
			);
			name = Products;
			sourceTree = "<group>";
		};
		71E694711F53246A001EB381 /* Application */ = {
			isa = PBXGroup;
			children = (
				71E694551F5318E9001EB381 /* common.h */,
				71E6945C1F5318E9001EB381 /* json.hpp */,
				71E6945D1F5318E9001EB381 /* main.cpp */,
				71E694521F5318E9001EB381 /* Application.hpp */,
				71E694511F5318E9001EB381 /* Application.cpp */,
			);
			name = Application;
			sourceTree = "<group>";
		};
		71E694721F53247C001EB381 /* Behavior */ = {
			isa = PBXGroup;
			children = (
				71E694541F5318E9001EB381 /* Behavior.hpp */,
				71E694531F5318E9001EB381 /* Behavior.cpp */,
				71BA89BF1FC9BD18003A5A37 /* RenderBehavior.hpp */,
				71BA89BE1FC9BD18003A5A37 /* RenderBehavior.cpp */,
				71E6945F1F5318E9001EB381 /* RenderShapeBehavior.hpp */,
				71E6945E1F5318E9001EB381 /* RenderShapeBehavior.cpp */,
				71E694611F5318E9001EB381 /* RenderSpriteBehavior.hpp */,
				71E694601F5318E9001EB381 /* RenderSpriteBehavior.cpp */,
				7185331F1F9F92E60080B05A /* RenderTextBehavior.hpp */,
				7185331E1F9F92E60080B05A /* RenderTextBehavior.cpp */,
				71130ED91F5494CD001D453E /* RigidBodyBehavior.hpp */,
				71130ED81F5494CD001D453E /* RigidBodyBehavior.cpp */,
				71D8D3A31FCC9640004DDE7E /* UIBehavior.hpp */,
				71D8D3A21FCC9640004DDE7E /* UIBehavior.cpp */,
				71E694641F5318E9001EB381 /* SampleBehavior.hpp */,
				71E694631F5318E9001EB381 /* SampleBehavior.cpp */,
			);
			name = Behavior;
			sourceTree = "<group>";
		};
		71E694731F53248A001EB381 /* GameObject */ = {
			isa = PBXGroup;
			children = (
				71E694661F5318E9001EB381 /* Scene.hpp */,
				71E694651F5318E9001EB381 /* Scene.cpp */,
				71E694571F5318E9001EB381 /* GameObject.hpp */,
				71E694561F5318E9001EB381 /* GameObject.cpp */,
				7170F8531F588E9800F71E87 /* SceneDebugDraw.hpp */,
				7170F8521F588E9800F71E87 /* SceneDebugDraw.cpp */,
			);
			name = GameObject;
			sourceTree = "<group>";
		};
		71E694741F532532001EB381 /* Resources */ = {
			isa = PBXGroup;
			children = (
				718533221F9FCD660080B05A /* SoundResource.hpp */,
				718533211F9FCD660080B05A /* SoundResource.cpp */,
				71A09F211F9BC785005ED838 /* FontResource.hpp */,
				71A09F201F9BC785005ED838 /* FontResource.cpp */,
				71E6945B1F5318E9001EB381 /* ImageResource.hpp */,
				71E6945A1F5318E9001EB381 /* ImageResource.cpp */,
				7126DBBA1F8404B900BD4E44 /* ScriptResource.hpp */,
				7126DBB91F8404B900BD4E44 /* ScriptResource.cpp */,
				71E694621F5318E9001EB381 /* ResourceManager.hpp */,
			);
			name = Resources;
			sourceTree = "<group>";
		};
		71F4846C1F814B9300AF17EA /* Box2D */ = {
			isa = PBXGroup;
			children = (
				71F4846D1F814B9300AF17EA /* Box2D.h */,
				71F4846F1F814B9300AF17EA /* Collision */,
				71F484871F814B9300AF17EA /* Common */,
				71F4849E1F814B9400AF17EA /* Dynamics */,
				71F484D81F814B9400AF17EA /* Particle */,
				71F484E51F814B9400AF17EA /* Rope */,
			);
			path = Box2D;
			sourceTree = "<group>";
		};
		71F4846F1F814B9300AF17EA /* Collision */ = {
			isa = PBXGroup;
			children = (
				71F484701F814B9300AF17EA /* b2BroadPhase.cpp */,
				71F484711F814B9300AF17EA /* b2BroadPhase.h */,
				71F484721F814B9300AF17EA /* b2CollideCircle.cpp */,
				71F484731F814B9300AF17EA /* b2CollideEdge.cpp */,
				71F484741F814B9300AF17EA /* b2CollidePolygon.cpp */,
				71F484751F814B9300AF17EA /* b2Collision.cpp */,
				71F484761F814B9300AF17EA /* b2Collision.h */,
				71F484771F814B9300AF17EA /* b2Distance.cpp */,
				71F484781F814B9300AF17EA /* b2Distance.h */,
				71F484791F814B9300AF17EA /* b2DynamicTree.cpp */,
				71F4847A1F814B9300AF17EA /* b2DynamicTree.h */,
				71F4847B1F814B9300AF17EA /* b2TimeOfImpact.cpp */,
				71F4847C1F814B9300AF17EA /* b2TimeOfImpact.h */,
				71F4847D1F814B9300AF17EA /* Shapes */,
			);
			path = Collision;
			sourceTree = "<group>";
		};
		71F4847D1F814B9300AF17EA /* Shapes */ = {
			isa = PBXGroup;
			children = (
				71F4847E1F814B9300AF17EA /* b2ChainShape.cpp */,
				71F4847F1F814B9300AF17EA /* b2ChainShape.h */,
				71F484801F814B9300AF17EA /* b2CircleShape.cpp */,
				71F484811F814B9300AF17EA /* b2CircleShape.h */,
				71F484821F814B9300AF17EA /* b2EdgeShape.cpp */,
				71F484831F814B9300AF17EA /* b2EdgeShape.h */,
				71F484841F814B9300AF17EA /* b2PolygonShape.cpp */,
				71F484851F814B9300AF17EA /* b2PolygonShape.h */,
				71F484861F814B9300AF17EA /* b2Shape.h */,
			);
			path = Shapes;
			sourceTree = "<group>";
		};
		71F484871F814B9300AF17EA /* Common */ = {
			isa = PBXGroup;
			children = (
				71F484881F814B9300AF17EA /* b2BlockAllocator.cpp */,
				71F484891F814B9300AF17EA /* b2BlockAllocator.h */,
				71F4848A1F814B9300AF17EA /* b2Draw.cpp */,
				71F4848B1F814B9300AF17EA /* b2Draw.h */,
				71F4848C1F814B9300AF17EA /* b2FreeList.cpp */,
				71F4848D1F814B9300AF17EA /* b2FreeList.h */,
				71F4848E1F814B9300AF17EA /* b2GrowableBuffer.h */,
				71F4848F1F814B9300AF17EA /* b2GrowableStack.h */,
				71F484901F814B9300AF17EA /* b2IntrusiveList.h */,
				71F484911F814B9300AF17EA /* b2Math.cpp */,
				71F484921F814B9300AF17EA /* b2Math.h */,
				71F484931F814B9300AF17EA /* b2Settings.cpp */,
				71F484941F814B9300AF17EA /* b2Settings.h */,
				71F484951F814B9300AF17EA /* b2SlabAllocator.h */,
				71F484961F814B9300AF17EA /* b2StackAllocator.cpp */,
				71F484971F814B9300AF17EA /* b2StackAllocator.h */,
				71F484981F814B9300AF17EA /* b2Stat.cpp */,
				71F484991F814B9300AF17EA /* b2Stat.h */,
				71F4849A1F814B9300AF17EA /* b2Timer.cpp */,
				71F4849B1F814B9300AF17EA /* b2Timer.h */,
				71F4849C1F814B9300AF17EA /* b2TrackedBlock.cpp */,
				71F4849D1F814B9300AF17EA /* b2TrackedBlock.h */,
			);
			path = Common;
			sourceTree = "<group>";
		};
		71F4849E1F814B9400AF17EA /* Dynamics */ = {
			isa = PBXGroup;
			children = (
				71F4849F1F814B9400AF17EA /* b2Body.cpp */,
				71F484A01F814B9400AF17EA /* b2Body.h */,
				71F484A11F814B9400AF17EA /* b2ContactManager.cpp */,
				71F484A21F814B9400AF17EA /* b2ContactManager.h */,
				71F484A31F814B9400AF17EA /* b2Fixture.cpp */,
				71F484A41F814B9400AF17EA /* b2Fixture.h */,
				71F484A51F814B9400AF17EA /* b2Island.cpp */,
				71F484A61F814B9400AF17EA /* b2Island.h */,
				71F484A71F814B9400AF17EA /* b2TimeStep.h */,
				71F484A81F814B9400AF17EA /* b2World.cpp */,
				71F484A91F814B9400AF17EA /* b2World.h */,
				71F484AA1F814B9400AF17EA /* b2WorldCallbacks.cpp */,
				71F484AB1F814B9400AF17EA /* b2WorldCallbacks.h */,
				71F484AC1F814B9400AF17EA /* Contacts */,
				71F484BF1F814B9400AF17EA /* Joints */,
			);
			path = Dynamics;
			sourceTree = "<group>";
		};
		71F484AC1F814B9400AF17EA /* Contacts */ = {
			isa = PBXGroup;
			children = (
				71F484AD1F814B9400AF17EA /* b2ChainAndCircleContact.cpp */,
				71F484AE1F814B9400AF17EA /* b2ChainAndCircleContact.h */,
				71F484AF1F814B9400AF17EA /* b2ChainAndPolygonContact.cpp */,
				71F484B01F814B9400AF17EA /* b2ChainAndPolygonContact.h */,
				71F484B11F814B9400AF17EA /* b2CircleContact.cpp */,
				71F484B21F814B9400AF17EA /* b2CircleContact.h */,
				71F484B31F814B9400AF17EA /* b2Contact.cpp */,
				71F484B41F814B9400AF17EA /* b2Contact.h */,
				71F484B51F814B9400AF17EA /* b2ContactSolver.cpp */,
				71F484B61F814B9400AF17EA /* b2ContactSolver.h */,
				71F484B71F814B9400AF17EA /* b2EdgeAndCircleContact.cpp */,
				71F484B81F814B9400AF17EA /* b2EdgeAndCircleContact.h */,
				71F484B91F814B9400AF17EA /* b2EdgeAndPolygonContact.cpp */,
				71F484BA1F814B9400AF17EA /* b2EdgeAndPolygonContact.h */,
				71F484BB1F814B9400AF17EA /* b2PolygonAndCircleContact.cpp */,
				71F484BC1F814B9400AF17EA /* b2PolygonAndCircleContact.h */,
				71F484BD1F814B9400AF17EA /* b2PolygonContact.cpp */,
				71F484BE1F814B9400AF17EA /* b2PolygonContact.h */,
			);
			path = Contacts;
			sourceTree = "<group>";
		};
		71F484BF1F814B9400AF17EA /* Joints */ = {
			isa = PBXGroup;
			children = (
				71F484C01F814B9400AF17EA /* b2DistanceJoint.cpp */,
				71F484C11F814B9400AF17EA /* b2DistanceJoint.h */,
				71F484C21F814B9400AF17EA /* b2FrictionJoint.cpp */,
				71F484C31F814B9400AF17EA /* b2FrictionJoint.h */,
				71F484C41F814B9400AF17EA /* b2GearJoint.cpp */,
				71F484C51F814B9400AF17EA /* b2GearJoint.h */,
				71F484C61F814B9400AF17EA /* b2Joint.cpp */,
				71F484C71F814B9400AF17EA /* b2Joint.h */,
				71F484C81F814B9400AF17EA /* b2MotorJoint.cpp */,
				71F484C91F814B9400AF17EA /* b2MotorJoint.h */,
				71F484CA1F814B9400AF17EA /* b2MouseJoint.cpp */,
				71F484CB1F814B9400AF17EA /* b2MouseJoint.h */,
				71F484CC1F814B9400AF17EA /* b2PrismaticJoint.cpp */,
				71F484CD1F814B9400AF17EA /* b2PrismaticJoint.h */,
				71F484CE1F814B9400AF17EA /* b2PulleyJoint.cpp */,
				71F484CF1F814B9400AF17EA /* b2PulleyJoint.h */,
				71F484D01F814B9400AF17EA /* b2RevoluteJoint.cpp */,
				71F484D11F814B9400AF17EA /* b2RevoluteJoint.h */,
				71F484D21F814B9400AF17EA /* b2RopeJoint.cpp */,
				71F484D31F814B9400AF17EA /* b2RopeJoint.h */,
				71F484D41F814B9400AF17EA /* b2WeldJoint.cpp */,
				71F484D51F814B9400AF17EA /* b2WeldJoint.h */,
				71F484D61F814B9400AF17EA /* b2WheelJoint.cpp */,
				71F484D71F814B9400AF17EA /* b2WheelJoint.h */,
			);
			path = Joints;
			sourceTree = "<group>";
		};
		71F484D81F814B9400AF17EA /* Particle */ = {
			isa = PBXGroup;
			children = (
				71F484D91F814B9400AF17EA /* b2Particle.cpp */,
				71F484DA1F814B9400AF17EA /* b2Particle.h */,
				71F484DB1F814B9400AF17EA /* b2ParticleAssembly.cpp */,
				71F484DC1F814B9400AF17EA /* b2ParticleAssembly.h */,
				71F484DD1F814B9400AF17EA /* b2ParticleAssembly.neon.s */,
				71F484DE1F814B9400AF17EA /* b2ParticleGroup.cpp */,
				71F484DF1F814B9400AF17EA /* b2ParticleGroup.h */,
				71F484E01F814B9400AF17EA /* b2ParticleSystem.cpp */,
				71F484E11F814B9400AF17EA /* b2ParticleSystem.h */,
				71F484E21F814B9400AF17EA /* b2StackQueue.h */,
				71F484E31F814B9400AF17EA /* b2VoronoiDiagram.cpp */,
				71F484E41F814B9400AF17EA /* b2VoronoiDiagram.h */,
			);
			path = Particle;
			sourceTree = "<group>";
		};
		71F484E51F814B9400AF17EA /* Rope */ = {
			isa = PBXGroup;
			children = (
				71F484E61F814B9400AF17EA /* b2Rope.cpp */,
				71F484E71F814B9400AF17EA /* b2Rope.h */,
			);
			path = Rope;
			sourceTree = "<group>";
		};
/* End PBXGroup section */

/* Begin PBXNativeTarget section */
		717C0CA11F40F92200AA54E7 /* sdltest */ = {
			isa = PBXNativeTarget;
			buildConfigurationList = 717C0CA91F40F92200AA54E7 /* Build configuration list for PBXNativeTarget "sdltest" */;
			buildPhases = (
				717C0C9E1F40F92200AA54E7 /* Sources */,
				717C0C9F1F40F92200AA54E7 /* Frameworks */,
				717C0CA01F40F92200AA54E7 /* CopyFiles */,
			);
			buildRules = (
			);
			dependencies = (
				718CE3A11F62D7FD00A3B498 /* PBXTargetDependency */,
				718CE3A31F62D7FD00A3B498 /* PBXTargetDependency */,
			);
			name = sdltest;
			productName = sdltest;
			productReference = 717C0CA21F40F92200AA54E7 /* nikogame */;
			productType = "com.apple.product-type.tool";
		};
/* End PBXNativeTarget section */

/* Begin PBXProject section */
		717C0C9A1F40F92200AA54E7 /* Project object */ = {
			isa = PBXProject;
			attributes = {
				LastUpgradeCheck = 0830;
				ORGANIZATIONNAME = "Kirill Edelman";
				TargetAttributes = {
					717C0CA11F40F92200AA54E7 = {
						CreatedOnToolsVersion = 8.3.3;
						ProvisioningStyle = Automatic;
					};
				};
			};
			buildConfigurationList = 717C0C9D1F40F92200AA54E7 /* Build configuration list for PBXProject "sdltest" */;
			compatibilityVersion = "Xcode 3.2";
			developmentRegion = English;
			hasScannedForEncodings = 0;
			knownRegions = (
				en,
			);
			mainGroup = 717C0C991F40F92200AA54E7;
			productRefGroup = 717C0CA31F40F92200AA54E7 /* Products */;
			projectDirPath = "";
			projectReferences = (
				{
					ProductGroup = 718CE3811F62D5A600A3B498 /* Products */;
					ProjectRef = 718CE3801F62D5A600A3B498 /* SDL_gpu.xcodeproj */;
				},
			);
			projectRoot = "";
			targets = (
				717C0CA11F40F92200AA54E7 /* sdltest */,
			);
		};
/* End PBXProject section */

/* Begin PBXReferenceProxy section */
		718CE3921F62D5A600A3B498 /* libSDL2_gpu.a */ = {
			isa = PBXReferenceProxy;
			fileType = archive.ar;
			path = libSDL2_gpu.a;
			remoteRef = 718CE3911F62D5A600A3B498 /* PBXContainerItemProxy */;
			sourceTree = BUILT_PRODUCTS_DIR;
		};
		718CE3941F62D5A600A3B498 /* SDL2_gpu.framework/SDL2_gpu */ = {
			isa = PBXReferenceProxy;
			fileType = wrapper.framework;
			name = SDL2_gpu.framework/SDL2_gpu;
			path = SDL2_gpu.framework;
			remoteRef = 718CE3931F62D5A600A3B498 /* PBXContainerItemProxy */;
			sourceTree = BUILT_PRODUCTS_DIR;
		};
		71BA89CA1FC9BD19003A5A37 /* libtest-common.a */ = {
			isa = PBXReferenceProxy;
			fileType = archive.ar;
			path = "libtest-common.a";
			remoteRef = 71BA89C91FC9BD19003A5A37 /* PBXContainerItemProxy */;
			sourceTree = BUILT_PRODUCTS_DIR;
		};
		71BA89CC1FC9BD19003A5A37 /* 3d-demo */ = {
			isa = PBXReferenceProxy;
			fileType = "compiled.mach-o.executable";
			path = "3d-demo";
			remoteRef = 71BA89CB1FC9BD19003A5A37 /* PBXContainerItemProxy */;
			sourceTree = BUILT_PRODUCTS_DIR;
		};
		71BA89CE1FC9BD19003A5A37 /* init-demo */ = {
			isa = PBXReferenceProxy;
			fileType = "compiled.mach-o.executable";
			path = "init-demo";
			remoteRef = 71BA89CD1FC9BD19003A5A37 /* PBXContainerItemProxy */;
			sourceTree = BUILT_PRODUCTS_DIR;
		};
		71BA89D01FC9BD19003A5A37 /* simple-shader-demo */ = {
			isa = PBXReferenceProxy;
			fileType = "compiled.mach-o.executable";
			path = "simple-shader-demo";
			remoteRef = 71BA89CF1FC9BD19003A5A37 /* PBXContainerItemProxy */;
			sourceTree = BUILT_PRODUCTS_DIR;
		};
		71BA89D21FC9BD19003A5A37 /* tutorial-space-demo */ = {
			isa = PBXReferenceProxy;
			fileType = "compiled.mach-o.executable";
			path = "tutorial-space-demo";
			remoteRef = 71BA89D11FC9BD19003A5A37 /* PBXContainerItemProxy */;
			sourceTree = BUILT_PRODUCTS_DIR;
		};
/* End PBXReferenceProxy section */

/* Begin PBXSourcesBuildPhase section */
		717C0C9E1F40F92200AA54E7 /* Sources */ = {
			isa = PBXSourcesBuildPhase;
			buildActionMask = 2147483647;
			files = (
				71F484E81F814C8D00AF17EA /* b2BroadPhase.cpp in Sources */,
				718533201F9F92E60080B05A /* RenderTextBehavior.cpp in Sources */,
				71F484E91F814C8D00AF17EA /* b2CollideCircle.cpp in Sources */,
				71F484EA1F814C8D00AF17EA /* b2CollideEdge.cpp in Sources */,
				71F484EB1F814C8D00AF17EA /* b2CollidePolygon.cpp in Sources */,
				71F484EC1F814C8D00AF17EA /* b2Collision.cpp in Sources */,
				71F484ED1F814C8D00AF17EA /* b2Distance.cpp in Sources */,
				71F484EE1F814C8D00AF17EA /* b2DynamicTree.cpp in Sources */,
				71F484EF1F814C8D00AF17EA /* b2TimeOfImpact.cpp in Sources */,
				71F484F01F814C8D00AF17EA /* b2ChainShape.cpp in Sources */,
				71F484F11F814C8D00AF17EA /* b2CircleShape.cpp in Sources */,
				71F484F21F814C8D00AF17EA /* b2EdgeShape.cpp in Sources */,
				71F484F31F814C8D00AF17EA /* b2PolygonShape.cpp in Sources */,
				71F484F41F814C8D00AF17EA /* b2BlockAllocator.cpp in Sources */,
				71F484F51F814C8D00AF17EA /* b2Draw.cpp in Sources */,
				71F484F61F814C8D00AF17EA /* b2FreeList.cpp in Sources */,
				71F484F71F814C8D00AF17EA /* b2Math.cpp in Sources */,
				719291BE1FA26BAA0067892E /* Controller.cpp in Sources */,
				71F484F81F814C8D00AF17EA /* b2Settings.cpp in Sources */,
				71F484F91F814C8D00AF17EA /* b2StackAllocator.cpp in Sources */,
				71F484FA1F814C8D00AF17EA /* b2Stat.cpp in Sources */,
				71E793921FC47DAD0026ABCB /* Image.cpp in Sources */,
				71F484FB1F814C8D00AF17EA /* b2Timer.cpp in Sources */,
				71F484FC1F814C8D00AF17EA /* b2TrackedBlock.cpp in Sources */,
				71F484FD1F814C8D00AF17EA /* b2Body.cpp in Sources */,
				7126DBBB1F8404B900BD4E44 /* ScriptResource.cpp in Sources */,
				71F484FE1F814C8D00AF17EA /* b2ContactManager.cpp in Sources */,
				71F484FF1F814C8D00AF17EA /* b2Fixture.cpp in Sources */,
				71F485001F814C8D00AF17EA /* b2Island.cpp in Sources */,
				71F485011F814C8D00AF17EA /* b2World.cpp in Sources */,
				71F485021F814C8D00AF17EA /* b2WorldCallbacks.cpp in Sources */,
				71F485031F814C8D00AF17EA /* b2ChainAndCircleContact.cpp in Sources */,
				71F485041F814C8D00AF17EA /* b2ChainAndPolygonContact.cpp in Sources */,
				71F485051F814C8D00AF17EA /* b2CircleContact.cpp in Sources */,
				71F485061F814C8D00AF17EA /* b2Contact.cpp in Sources */,
				71F485071F814C8D00AF17EA /* b2ContactSolver.cpp in Sources */,
				71F485081F814C8D00AF17EA /* b2EdgeAndCircleContact.cpp in Sources */,
				71F485091F814C8D00AF17EA /* b2EdgeAndPolygonContact.cpp in Sources */,
				71F4850A1F814C8D00AF17EA /* b2PolygonAndCircleContact.cpp in Sources */,
				71F4850B1F814C8D00AF17EA /* b2PolygonContact.cpp in Sources */,
				71F4850C1F814C8D00AF17EA /* b2DistanceJoint.cpp in Sources */,
				71F4850D1F814C8D00AF17EA /* b2FrictionJoint.cpp in Sources */,
				713D70221F82CDE80011B7E8 /* Input.cpp in Sources */,
				71F4850E1F814C8D00AF17EA /* b2GearJoint.cpp in Sources */,
				71F4850F1F814C8D00AF17EA /* b2Joint.cpp in Sources */,
				718533231F9FCD660080B05A /* SoundResource.cpp in Sources */,
				71F485101F814C8D00AF17EA /* b2MotorJoint.cpp in Sources */,
				71F485111F814C8D00AF17EA /* b2MouseJoint.cpp in Sources */,
				71F485121F814C8D00AF17EA /* b2PrismaticJoint.cpp in Sources */,
				71F485131F814C8D00AF17EA /* b2PulleyJoint.cpp in Sources */,
				71F485141F814C8D00AF17EA /* b2RevoluteJoint.cpp in Sources */,
				71F485151F814C8D00AF17EA /* b2RopeJoint.cpp in Sources */,
				71F485161F814C8D00AF17EA /* b2WeldJoint.cpp in Sources */,
				71F485171F814C8D00AF17EA /* b2WheelJoint.cpp in Sources */,
				71F485181F814C8D00AF17EA /* b2Particle.cpp in Sources */,
				71D8D3A41FCC9640004DDE7E /* UIBehavior.cpp in Sources */,
				71F485191F814C8D00AF17EA /* b2ParticleAssembly.cpp in Sources */,
				71A09F221F9BC785005ED838 /* FontResource.cpp in Sources */,
				71F4851A1F814C8D00AF17EA /* b2ParticleGroup.cpp in Sources */,
				71F4851B1F814C8D00AF17EA /* b2ParticleSystem.cpp in Sources */,
				71F4851C1F814C8D00AF17EA /* b2VoronoiDiagram.cpp in Sources */,
				71F4851D1F814C8D00AF17EA /* b2Rope.cpp in Sources */,
				71E6946F1F5318E9001EB381 /* SampleBehavior.cpp in Sources */,
				71BA89C01FC9BD18003A5A37 /* RenderBehavior.cpp in Sources */,
				718533261F9FF7B90080B05A /* Sound.cpp in Sources */,
				710A47371F7EB4F300A89171 /* Color.cpp in Sources */,
				719F54311F77E2E600E5F39F /* ScriptArguments.cpp in Sources */,
				71E694701F5318E9001EB381 /* Scene.cpp in Sources */,
				7170F8541F588E9800F71E87 /* SceneDebugDraw.cpp in Sources */,
				71E6946C1F5318E9001EB381 /* main.cpp in Sources */,
				71130EDA1F5494CD001D453E /* RigidBodyBehavior.cpp in Sources */,
				71E694691F5318E9001EB381 /* GameObject.cpp in Sources */,
				71E694681F5318E9001EB381 /* Behavior.cpp in Sources */,
				71E6946E1F5318E9001EB381 /* RenderSpriteBehavior.cpp in Sources */,
				71E6946B1F5318E9001EB381 /* ImageResource.cpp in Sources */,
				71E694671F5318E9001EB381 /* Application.cpp in Sources */,
				71E6946D1F5318E9001EB381 /* RenderShapeBehavior.cpp in Sources */,
			);
			runOnlyForDeploymentPostprocessing = 0;
		};
/* End PBXSourcesBuildPhase section */

/* Begin PBXTargetDependency section */
		718CE3A11F62D7FD00A3B498 /* PBXTargetDependency */ = {
			isa = PBXTargetDependency;
			name = SDL_gpu;
			targetProxy = 718CE3A01F62D7FD00A3B498 /* PBXContainerItemProxy */;
		};
		718CE3A31F62D7FD00A3B498 /* PBXTargetDependency */ = {
			isa = PBXTargetDependency;
			name = SDL_gpu_shared;
			targetProxy = 718CE3A21F62D7FD00A3B498 /* PBXContainerItemProxy */;
		};
/* End PBXTargetDependency section */

/* Begin XCBuildConfiguration section */
		717C0CA71F40F92200AA54E7 /* Debug */ = {
			isa = XCBuildConfiguration;
			buildSettings = {
				ALWAYS_SEARCH_USER_PATHS = YES;
				CLANG_ANALYZER_NONNULL = YES;
				CLANG_ANALYZER_NUMBER_OBJECT_CONVERSION = YES_AGGRESSIVE;
				CLANG_CXX_LANGUAGE_STANDARD = "gnu++0x";
				CLANG_CXX_LIBRARY = "libc++";
				CLANG_ENABLE_MODULES = YES;
				CLANG_ENABLE_OBJC_ARC = YES;
				CLANG_WARN_BOOL_CONVERSION = YES;
				CLANG_WARN_CONSTANT_CONVERSION = YES;
				CLANG_WARN_DIRECT_OBJC_ISA_USAGE = YES_ERROR;
				CLANG_WARN_DOCUMENTATION_COMMENTS = YES;
				CLANG_WARN_EMPTY_BODY = YES;
				CLANG_WARN_ENUM_CONVERSION = YES;
				CLANG_WARN_INFINITE_RECURSION = YES;
				CLANG_WARN_INT_CONVERSION = YES;
				CLANG_WARN_OBJC_ROOT_CLASS = YES_ERROR;
				CLANG_WARN_SUSPICIOUS_MOVE = YES;
				CLANG_WARN_UNREACHABLE_CODE = YES;
				CLANG_WARN__DUPLICATE_METHOD_MATCH = YES;
				CODE_SIGN_IDENTITY = "-";
				COPY_PHASE_STRIP = NO;
				DEBUG_INFORMATION_FORMAT = dwarf;
				ENABLE_STRICT_OBJC_MSGSEND = YES;
				ENABLE_TESTABILITY = YES;
				FRAMEWORK_SEARCH_PATHS = (
					"$(inherited)",
					/Library/Frameworks/,
					"$(LOCAL_LIBRARY_DIR)/Frameworks",
					"$(PROJECT_DIR)/sdl-gpu/lib/Debug/",
					"$(PROJECT_DIR)/**",
					/usr/local/lib/,
				);
				GCC_C_LANGUAGE_STANDARD = gnu99;
				GCC_DYNAMIC_NO_PIC = NO;
				GCC_NO_COMMON_BLOCKS = YES;
				GCC_OPTIMIZATION_LEVEL = 0;
				GCC_PREPROCESSOR_DEFINITIONS = (
					"DEBUG=1",
					"$(inherited)",
				);
				GCC_WARN_64_TO_32_BIT_CONVERSION = YES;
				GCC_WARN_ABOUT_RETURN_TYPE = YES_ERROR;
				GCC_WARN_UNDECLARED_SELECTOR = YES;
				GCC_WARN_UNINITIALIZED_AUTOS = YES_AGGRESSIVE;
				GCC_WARN_UNUSED_FUNCTION = YES;
				GCC_WARN_UNUSED_VARIABLE = YES;
				HEADER_SEARCH_PATHS = (
					"/usr/local/include/mozjs-24.0",
					/usr/local/opt/nspr/include/nspr,
					"$(PROJECT_DIR)/**",
				);
				LIBRARY_SEARCH_PATHS = (
					"$(inherited)",
					"$(PROJECT_DIR)",
					/usr/local/lib,
				);
				MACOSX_DEPLOYMENT_TARGET = 10.12;
				MTL_ENABLE_DEBUG_INFO = YES;
				ONLY_ACTIVE_ARCH = YES;
				USER_HEADER_SEARCH_PATHS = "$(PROJECT_DIR)/sdl-gpu/lib/include /Library/Frameworks/SDL2.framework/Headers";
			};
			name = Debug;
		};
		717C0CA81F40F92200AA54E7 /* Release */ = {
			isa = XCBuildConfiguration;
			buildSettings = {
				ALWAYS_SEARCH_USER_PATHS = YES;
				CLANG_ANALYZER_NONNULL = YES;
				CLANG_ANALYZER_NUMBER_OBJECT_CONVERSION = YES_AGGRESSIVE;
				CLANG_CXX_LANGUAGE_STANDARD = "gnu++0x";
				CLANG_CXX_LIBRARY = "libc++";
				CLANG_ENABLE_MODULES = YES;
				CLANG_ENABLE_OBJC_ARC = YES;
				CLANG_WARN_BOOL_CONVERSION = YES;
				CLANG_WARN_CONSTANT_CONVERSION = YES;
				CLANG_WARN_DIRECT_OBJC_ISA_USAGE = YES_ERROR;
				CLANG_WARN_DOCUMENTATION_COMMENTS = YES;
				CLANG_WARN_EMPTY_BODY = YES;
				CLANG_WARN_ENUM_CONVERSION = YES;
				CLANG_WARN_INFINITE_RECURSION = YES;
				CLANG_WARN_INT_CONVERSION = YES;
				CLANG_WARN_OBJC_ROOT_CLASS = YES_ERROR;
				CLANG_WARN_SUSPICIOUS_MOVE = YES;
				CLANG_WARN_UNREACHABLE_CODE = YES;
				CLANG_WARN__DUPLICATE_METHOD_MATCH = YES;
				CODE_SIGN_IDENTITY = "-";
				COPY_PHASE_STRIP = NO;
				DEBUG_INFORMATION_FORMAT = "dwarf-with-dsym";
				ENABLE_NS_ASSERTIONS = NO;
				ENABLE_STRICT_OBJC_MSGSEND = YES;
				FRAMEWORK_SEARCH_PATHS = (
					"$(inherited)",
					/Library/Frameworks/,
					"$(LOCAL_LIBRARY_DIR)/Frameworks",
					"$(PROJECT_DIR)/sdl-gpu/lib/Debug/",
					"$(PROJECT_DIR)/**",
					/usr/local/lib/,
				);
				GCC_C_LANGUAGE_STANDARD = gnu99;
				GCC_NO_COMMON_BLOCKS = YES;
				GCC_WARN_64_TO_32_BIT_CONVERSION = YES;
				GCC_WARN_ABOUT_RETURN_TYPE = YES_ERROR;
				GCC_WARN_UNDECLARED_SELECTOR = YES;
				GCC_WARN_UNINITIALIZED_AUTOS = YES_AGGRESSIVE;
				GCC_WARN_UNUSED_FUNCTION = YES;
				GCC_WARN_UNUSED_VARIABLE = YES;
				HEADER_SEARCH_PATHS = (
					"/usr/local/include/mozjs-24.0",
					/usr/local/opt/nspr/include/nspr,
					"$(PROJECT_DIR)/**",
				);
				LIBRARY_SEARCH_PATHS = (
					"$(inherited)",
					"$(PROJECT_DIR)",
					/usr/local/lib,
				);
				MACOSX_DEPLOYMENT_TARGET = 10.12;
				MTL_ENABLE_DEBUG_INFO = NO;
				USER_HEADER_SEARCH_PATHS = "$(PROJECT_DIR)/sdl-gpu/lib/include /Library/Frameworks/SDL2.framework/Headers";
			};
			name = Release;
		};
		717C0CAA1F40F92200AA54E7 /* Debug */ = {
			isa = XCBuildConfiguration;
			buildSettings = {
				DEPLOYMENT_LOCATION = NO;
				EXECUTABLE_EXTENSION = exe;
				FRAMEWORK_SEARCH_PATHS = (
					"$(inherited)",
					"$(PROJECT_DIR)",
				);
				GENERATE_PKGINFO_FILE = YES;
				PRODUCT_MODULE_NAME = nikogame;
				PRODUCT_NAME = nikogame;
				WRAPPER_EXTENSION = app;
			};
			name = Debug;
		};
		717C0CAB1F40F92200AA54E7 /* Release */ = {
			isa = XCBuildConfiguration;
			buildSettings = {
				DEPLOYMENT_LOCATION = NO;
				EXECUTABLE_EXTENSION = exe;
				FRAMEWORK_SEARCH_PATHS = (
					"$(inherited)",
					"$(PROJECT_DIR)",
				);
				GENERATE_PKGINFO_FILE = YES;
				PRODUCT_MODULE_NAME = nikogame;
				PRODUCT_NAME = nikogame;
				WRAPPER_EXTENSION = app;
			};
			name = Release;
		};
/* End XCBuildConfiguration section */

/* Begin XCConfigurationList section */
		717C0C9D1F40F92200AA54E7 /* Build configuration list for PBXProject "sdltest" */ = {
			isa = XCConfigurationList;
			buildConfigurations = (
				717C0CA71F40F92200AA54E7 /* Debug */,
				717C0CA81F40F92200AA54E7 /* Release */,
			);
			defaultConfigurationIsVisible = 0;
			defaultConfigurationName = Release;
		};
		717C0CA91F40F92200AA54E7 /* Build configuration list for PBXNativeTarget "sdltest" */ = {
			isa = XCConfigurationList;
			buildConfigurations = (
				717C0CAA1F40F92200AA54E7 /* Debug */,
				717C0CAB1F40F92200AA54E7 /* Release */,
			);
			defaultConfigurationIsVisible = 0;
			defaultConfigurationName = Release;
		};
/* End XCConfigurationList section */
	};
	rootObject = 717C0C9A1F40F92200AA54E7 /* Project object */;
}
